<?xml version="1.0" encoding="utf-8"?>
<Project xmlns="http://schemas.microsoft.com/developer/msbuild/2003">
  <PropertyGroup>
    <ProjectGuid>{2CFDB419-9695-49CA-99F1-C35D791360AF}</ProjectGuid>
    <MainSource>OverbyteIcsD2007Run.dpk</MainSource>
    <Configuration Condition=" '$(Configuration)' == '' ">Debug</Configuration>
    <Platform Condition=" '$(Platform)' == '' ">AnyCPU</Platform>
    <DCC_DCCCompiler>DCC32</DCC_DCCCompiler>
    <DCC_DependencyCheckOutputName>..\..\libmisc\OverbyteIcsD2007Run.bpl</DCC_DependencyCheckOutputName>
  </PropertyGroup>
  <PropertyGroup Condition=" '$(Configuration)|$(Platform)' == 'Release|AnyCPU' ">
    <Version>7.0</Version>
    <DCC_DebugInformation>False</DCC_DebugInformation>
    <DCC_LocalDebugSymbols>False</DCC_LocalDebugSymbols>
    <DCC_SymbolReferenceInfo>0</DCC_SymbolReferenceInfo>
    <DCC_Define>RELEASE;USE_SSL</DCC_Define>
    <DCC_DcuOutput>..\Lib\Release\Win32\D2007</DCC_DcuOutput>
    <DCC_ObjOutput>..\Lib\Release\Win32\D2007</DCC_ObjOutput>
    <DCC_HppOutput>..\Lib\Release\Win32\D2007</DCC_HppOutput>
    <DCC_UnitSearchPath>..\Source\Include</DCC_UnitSearchPath>
    <DCC_ResourcePath>..\Source\Include</DCC_ResourcePath>
    <DCC_ObjPath>..\Source\Include</DCC_ObjPath>
    <DCC_IncludePath>..\Source\Include</DCC_IncludePath>
    <DCC_AssertionsAtRuntime>False</DCC_AssertionsAtRuntime>
  </PropertyGroup>
  <PropertyGroup Condition=" '$(Configuration)|$(Platform)' == 'Debug|AnyCPU' ">
    <Version>7.0</Version>
    <DCC_Define>DEBUG;USE_SSL</DCC_Define>
    <DCC_DcuOutput>..\Lib\Debug\Win32\D2007</DCC_DcuOutput>
    <DCC_ObjOutput>..\Lib\Debug\Win32\D2007</DCC_ObjOutput>
    <DCC_HppOutput>..\Lib\Debug\Win32\D2007</DCC_HppOutput>
    <DCC_UnitSearchPath>..\Source\Include</DCC_UnitSearchPath>
    <DCC_ResourcePath>..\Source\Include</DCC_ResourcePath>
    <DCC_ObjPath>..\Source\Include</DCC_ObjPath>
    <DCC_IncludePath>..\Source\Include</DCC_IncludePath>
    <DCC_Optimize>False</DCC_Optimize>
    <DCC_GenerateStackFrames>True</DCC_GenerateStackFrames>
    <DCC_MapFile>3</DCC_MapFile>
    <DCC_RemoteDebug>True</DCC_RemoteDebug>
  </PropertyGroup>
  <ProjectExtensions>
    <Borland.Personality>Delphi.Personality</Borland.Personality>
    <Borland.ProjectType>Package</Borland.ProjectType>
    <BorlandProject>
<BorlandProject><Delphi.Personality><Parameters><Parameters Name="UseLauncher">False</Parameters><Parameters Name="LoadAllSymbols">True</Parameters><Parameters Name="LoadUnspecifiedSymbols">False</Parameters></Parameters><Package_Options><Package_Options Name="PackageDescription">Overbyte ICS Run-Time Package Delphi 2007</Package_Options><Package_Options Name="ImplicitBuild">False</Package_Options><Package_Options Name="DesigntimeOnly">False</Package_Options><Package_Options Name="RuntimeOnly">True</Package_Options></Package_Options><VersionInfo><VersionInfo Name="IncludeVerInfo">True</VersionInfo><VersionInfo Name="AutoIncBuild">False</VersionInfo><VersionInfo Name="MajorVer">1</VersionInfo><VersionInfo Name="MinorVer">0</VersionInfo><VersionInfo Name="Release">0</VersionInfo><VersionInfo Name="Build">14</VersionInfo><VersionInfo Name="Debug">False</VersionInfo><VersionInfo Name="PreRelease">False</VersionInfo><VersionInfo Name="Special">False</VersionInfo><VersionInfo Name="Private">False</VersionInfo><VersionInfo Name="DLL">False</VersionInfo><VersionInfo Name="Locale">1033</VersionInfo><VersionInfo Name="CodePage">1252</VersionInfo></VersionInfo><VersionInfoKeys><VersionInfoKeys Name="CompanyName"></VersionInfoKeys><VersionInfoKeys Name="FileDescription"></VersionInfoKeys><VersionInfoKeys Name="FileVersion">1.0.0.14</VersionInfoKeys><VersionInfoKeys Name="InternalName"></VersionInfoKeys><VersionInfoKeys Name="LegalCopyright"></VersionInfoKeys><VersionInfoKeys Name="LegalTrademarks"></VersionInfoKeys><VersionInfoKeys Name="OriginalFilename"></VersionInfoKeys><VersionInfoKeys Name="ProductName"></VersionInfoKeys><VersionInfoKeys Name="ProductVersion">1.0.0.0</VersionInfoKeys><VersionInfoKeys Name="Comments"></VersionInfoKeys><VersionInfoKeys Name="LastCompiledTime">2015/11/20 11:54:42</VersionInfoKeys></VersionInfoKeys><Source><Source Name="MainSource">OverbyteIcsD2007Run.dpk</Source></Source><Excluded_Packages>
      <Excluded_Packages Name="$(BDS)\bin\dcltee7100.bpl">TeeChart Components</Excluded_Packages>
      <Excluded_Packages Name="$(BDS)\Bin\dclIndyProtocols100.bpl">Indy 10 Protocols Design Time</Excluded_Packages>
      <Excluded_Packages Name="$(BDS)\bin\bcboffice2k100.bpl">CodeGear C++Builder Office 2000 Servers Package</Excluded_Packages>
      <Excluded_Packages Name="$(BDS)\bin\bcbofficexp100.bpl">CodeGear C++Builder Office XP Servers Package</Excluded_Packages>
      <Excluded_Packages Name="$(BDS)\bin\dcloffice2k100.bpl">Microsoft Office 2000 Sample Automation Server Wrapper Components</Excluded_Packages>
      <Excluded_Packages Name="$(BDS)\bin\dclofficexp100.bpl">Microsoft Office XP Sample Automation Server Wrapper Components</Excluded_Packages>
    </Excluded_Packages></Delphi.Personality></BorlandProject></BorlandProject>
  </ProjectExtensions>
  <Import Project="$(MSBuildBinPath)\Borland.Delphi.Targets" />
  <PropertyGroup>
    <PostBuildEvent>cd ..
if not exist Lib\Debug\Win32\D2007 mkdir Lib\Debug\Win32\D2007
if not exist Lib\Release\Win32\D2007 mkdir Lib\Release\Win32\D2007
copy Source\OverbyteIcsTnOptFrm.dfm Lib\Debug\Win32\D2007\OverbyteIcsTnOptFrm.dfm
copy Source\OverbyteIcsTnOptFrm.dfm Lib\Release\Win32\D2007\OverbyteIcsTnOptFrm.dfm</PostBuildEvent>
  </PropertyGroup>
  <ItemGroup>
    <DelphiCompile Include="OverbyteIcsD2007Run.dpk">
      <MainSource>MainSource</MainSource>
    </DelphiCompile>
    <DCCReference Include="..\Source\OverbyteIcsAsn1Utils.pas" />
    <DCCReference Include="..\Source\OverbyteIcsAvlTrees.pas" />
    <DCCReference Include="..\source\OverbyteIcsBlacklist.dcr" />
    <DCCReference Include="..\source\OverbyteIcsBlacklist.dcr" />
    <DCCReference Include="..\Source\OverbyteIcsBlacklist.pas" />
    <DCCReference Include="..\Source\OverbyteIcsCharsetComboBox.dcr" />
    <DCCReference Include="..\Source\OverbyteIcsCharsetComboBox.dcr" />
    <DCCReference Include="..\Source\OverbyteIcsCharsetComboBox.pas" />
    <DCCReference Include="..\Source\OverbyteIcsCharsetUtils.pas" />
    <DCCReference Include="..\Source\OverbyteIcsCookies.dcr" />
    <DCCReference Include="..\Source\OverbyteIcsCookies.dcr" />
    <DCCReference Include="..\Source\OverbyteIcsCookies.pas" />
    <DCCReference Include="..\Source\OverbyteIcsCRC.pas" />
    <DCCReference Include="..\Source\OverbyteIcsCryptUiApi.pas" />
    <DCCReference Include="..\Source\OverbyteIcsCsc.pas" />
    <DCCReference Include="..\Source\OverbyteIcsDES.pas" />
    <DCCReference Include="..\Source\OverbyteIcsDigestAuth.pas" />
    <DCCReference Include="..\Source\OverbyteIcsDnsQuery.dcr" />
    <DCCReference Include="..\Source\OverbyteIcsDnsQuery.dcr" />
    <DCCReference Include="..\Source\OverbyteIcsDnsQuery.pas" />
    <DCCReference Include="..\Source\OverbyteIcsEmulVT.dcr" />
    <DCCReference Include="..\Source\OverbyteIcsEmulVT.dcr" />
    <DCCReference Include="..\Source\OverbyteIcsEmulVT.pas" />
    <DCCReference Include="..\source\OverbyteIcsFileCopy.dcr" />
    <DCCReference Include="..\source\OverbyteIcsFileCopy.dcr" />
    <DCCReference Include="..\Source\OverbyteIcsFileCopy.pas" />
    <DCCReference Include="..\source\OverbyteIcsFileCopyW.dcr" />
    <DCCReference Include="..\source\OverbyteIcsFileCopyW.dcr" />
    <DCCReference Include="..\Source\OverbyteIcsFileCopyW.pas" />
    <DCCReference Include="..\Source\OverbyteIcsFingCli.dcr" />
    <DCCReference Include="..\Source\OverbyteIcsFingCli.dcr" />
    <DCCReference Include="..\Source\OverbyteIcsFingCli.pas" />
    <DCCReference Include="..\Source\OverbyteIcsFormDataDecoder.pas" />
    <DCCReference Include="..\Source\OverbyteIcsFtpCli.dcr" />
    <DCCReference Include="..\Source\OverbyteIcsFtpCli.dcr" />
    <DCCReference Include="..\Source\OverbyteIcsFtpCli.pas" />
    <DCCReference Include="..\source\OverbyteIcsFtpCliW.dcr" />
    <DCCReference Include="..\source\OverbyteIcsFtpCliW.dcr" />
    <DCCReference Include="..\Source\OverbyteIcsFtpCliW.pas" />
    <DCCReference Include="..\source\OverbyteIcsFtpMulti.dcr" />
    <DCCReference Include="..\source\OverbyteIcsFtpMulti.dcr" />
    <DCCReference Include="..\Source\OverbyteIcsFtpMulti.pas" />
    <DCCReference Include="..\Source\OverbyteIcsFtpMultiW.dcr" />
    <DCCReference Include="..\Source\OverbyteIcsFtpMultiW.dcr" />
    <DCCReference Include="..\Source\OverbyteIcsFtpMultiW.pas" />
    <DCCReference Include="..\Source\OverbyteIcsFtpSrv.dcr" />
    <DCCReference Include="..\Source\OverbyteIcsFtpSrv.dcr" />
    <DCCReference Include="..\Source\OverbyteIcsFtpSrv.pas" />
    <DCCReference Include="..\Source\OverByteIcsFtpSrvT.pas" />
    <DCCReference Include="..\source\OverbyteIcsFtpSrvW.dcr" />
    <DCCReference Include="..\source\OverbyteIcsFtpSrvW.dcr" />
    <DCCReference Include="..\Source\OverbyteIcsFtpSrvW.pas" />
    <DCCReference Include="..\Source\OverByteIcsFtpSrvWT.pas" />
    <DCCReference Include="..\Source\OverbyteIcsHtmlPars.pas" />
    <DCCReference Include="..\Source\OverbyteIcsHttpAppServer.dcr" />
    <DCCReference Include="..\Source\OverbyteIcsHttpAppServer.dcr" />
    <DCCReference Include="..\Source\OverbyteIcsHttpAppServer.pas" />
    <DCCReference Include="..\Source\OverbyteIcsHttpCCodZLib.pas" />
    <DCCReference Include="..\Source\OverbyteIcsHttpContCod.pas" />
    <DCCReference Include="..\source\OverbyteIcsHttpMulti.dcr" />
    <DCCReference Include="..\source\OverbyteIcsHttpMulti.dcr" />
    <DCCReference Include="..\Source\OverbyteIcsHttpMulti.pas" />
    <DCCReference Include="..\Source\OverbyteIcsHttpMultiW.dcr" />
    <DCCReference Include="..\Source\OverbyteIcsHttpMultiW.dcr" />
    <DCCReference Include="..\Source\OverbyteIcsHttpMultiW.pas" />
    <DCCReference Include="..\Source\OverbyteIcsHttpProt.dcr" />
    <DCCReference Include="..\Source\OverbyteIcsHttpProt.dcr" />
    <DCCReference Include="..\Source\OverbyteIcsHttpProt.pas" />
    <DCCReference Include="..\Source\OverbyteIcsHttpSrv.dcr" />
    <DCCReference Include="..\Source\OverbyteIcsHttpSrv.dcr" />
    <DCCReference Include="..\Source\OverbyteIcsHttpSrv.pas" />
    <DCCReference Include="..\Source\OverbyteIcsIcmp.pas" />
    <DCCReference Include="..\Source\OverbyteIcsIconv.pas" />
    <DCCReference Include="..\Source\OverbyteIcsIniFiles.pas" />
    <DCCReference Include="..\source\OverbyteIcsIpStreamLog.dcr" />
    <DCCReference Include="..\source\OverbyteIcsIpStreamLog.dcr" />
    <DCCReference Include="..\Source\OverbyteIcsIpStreamLog.pas" />
    <DCCReference Include="..\Source\OverbyteIcsLIBEAY.pas" />
    <DCCReference Include="..\Source\OverbyteIcsLogger.dcr" />
    <DCCReference Include="..\Source\OverbyteIcsLogger.dcr" />
    <DCCReference Include="..\Source\OverbyteIcsLogger.pas" />
    <DCCReference Include="..\source\OverbyteIcsMailQueue.dcr" />
    <DCCReference Include="..\source\OverbyteIcsMailQueue.dcr" />
    <DCCReference Include="..\Source\OverbyteIcsMailQueue.pas" />
    <DCCReference Include="..\Source\OverbyteIcsMD4.pas" />
    <DCCReference Include="..\Source\OverbyteIcsMD5.pas" />
    <DCCReference Include="..\Source\OverbyteIcsMimeDec.dcr" />
    <DCCReference Include="..\Source\OverbyteIcsMimeDec.dcr" />
    <DCCReference Include="..\Source\OverbyteIcsMimeDec.pas" />
    <DCCReference Include="..\Source\OverbyteIcsMimeUtils.dcr" />
    <DCCReference Include="..\Source\OverbyteIcsMimeUtils.dcr" />
    <DCCReference Include="..\Source\OverbyteIcsMimeUtils.pas" />
    <DCCReference Include="..\Source\OverbyteIcsMLang.pas" />
    <DCCReference Include="..\Source\OverbyteIcsMsSslUtils.pas" />
    <DCCReference Include="..\Source\OverbyteIcsMultipartFtpDownloader.dcr" />
    <DCCReference Include="..\Source\OverbyteIcsMultipartFtpDownloader.dcr" />
    <DCCReference Include="..\Source\OverbyteIcsMultipartFtpDownloader.pas" />
    <DCCReference Include="..\Source\OverbyteIcsMultipartHttpDownloader.dcr" />
    <DCCReference Include="..\Source\OverbyteIcsMultipartHttpDownloader.dcr" />
    <DCCReference Include="..\Source\OverbyteIcsMultipartHttpDownloader.pas" />
    <DCCReference Include="..\Source\OverbyteIcsMultiProgressBar.dcr" />
    <DCCReference Include="..\Source\OverbyteIcsMultiProgressBar.dcr" />
    <DCCReference Include="..\Source\OverbyteIcsMultiProgressBar.pas" />
    <DCCReference Include="..\Source\OverbyteIcsNntpCli.dcr" />
    <DCCReference Include="..\Source\OverbyteIcsNntpCli.dcr" />
    <DCCReference Include="..\Source\OverbyteIcsNntpCli.pas" />
    <DCCReference Include="..\Source\OverbyteIcsNtlmMsgs.pas" />
    <DCCReference Include="..\Source\OverbyteIcsNtlmSsp.pas" />
    <DCCReference Include="..\Source\OverbyteIcsOneTimePw.pas" />
    <DCCReference Include="..\Source\OverbyteIcsPing.dcr" />
    <DCCReference Include="..\Source\OverbyteIcsPing.dcr" />
    <DCCReference Include="..\Source\OverbyteIcsPing.pas" />
    <DCCReference Include="..\Source\OverbyteIcsPop3Prot.dcr" />
    <DCCReference Include="..\Source\OverbyteIcsPop3Prot.dcr" />
    <DCCReference Include="..\Source\OverbyteIcsPop3Prot.pas" />
    <DCCReference Include="..\source\OverbyteIcsProxy.dcr" />
    <DCCReference Include="..\source\OverbyteIcsProxy.dcr" />
    <DCCReference Include="..\Source\OverbyteIcsProxy.pas" />
    <DCCReference Include="..\Source\OverbyteIcsSha1.pas" />
    <DCCReference Include="..\Source\OverbyteIcsSmtpProt.dcr" />
    <DCCReference Include="..\Source\OverbyteIcsSmtpProt.dcr" />
    <DCCReference Include="..\Source\OverbyteIcsSmtpProt.pas" />
    <DCCReference Include="..\source\OverbyteIcsSmtpSrv.dcr" />
    <DCCReference Include="..\source\OverbyteIcsSmtpSrv.dcr" />
    <DCCReference Include="..\Source\OverbyteIcsSmtpSrv.pas" />
    <DCCReference Include="..\Source\OverbyteIcsSnmpCli.dcr" />
    <DCCReference Include="..\Source\OverbyteIcsSnmpCli.dcr" />
    <DCCReference Include="..\Source\OverbyteIcsSnmpCli.pas" />
    <DCCReference Include="..\Source\OverbyteIcsSnmpMsgs.pas" />
    <DCCReference Include="..\source\OverbyteIcsSntp.dcr" />
    <DCCReference Include="..\source\OverbyteIcsSntp.dcr" />
    <DCCReference Include="..\Source\OverbyteIcsSntp.pas" />
    <DCCReference Include="..\Source\OverbyteIcsSocketUtils.pas" />
    <DCCReference Include="..\Source\OverbyteIcsSSLEAY.pas" />
    <DCCReference Include="..\Source\OverbyteIcsSslHttpOAuth.dcr" />
    <DCCReference Include="..\Source\OverbyteIcsSslHttpOAuth.dcr" />
    <DCCReference Include="..\Source\OverbyteIcsSslHttpOAuth.pas" />
    <DCCReference Include="..\Source\OverbyteIcsSslHttpRest.dcr" />
    <DCCReference Include="..\Source\OverbyteIcsSslHttpRest.dcr" />
    <DCCReference Include="..\Source\OverbyteIcsSslHttpRest.pas" />
    <DCCReference Include="..\Source\OverbyteIcsSslJose.pas" />
    <DCCReference Include="..\Source\OverbyteIcsSslSessionCache.dcr" />
    <DCCReference Include="..\Source\OverbyteIcsSslSessionCache.dcr" />
    <DCCReference Include="..\Source\OverbyteIcsSslSessionCache.pas" />
    <DCCReference Include="..\Source\OverbyteIcsSslX509Certs.dcr" />
    <DCCReference Include="..\Source\OverbyteIcsSslX509Certs.dcr" />
    <DCCReference Include="..\Source\OverbyteIcsSslX509Certs.pas" />
    <DCCReference Include="..\Source\OverbyteIcsSslX509Utils.pas" />
    <DCCReference Include="..\Source\OverbyteIcsSspi.pas" />
    <DCCReference Include="..\Source\OverbyteIcsStreams.pas" />
    <DCCReference Include="..\Source\OverbyteIcsSuperObject.pas" />
    <DCCReference Include="..\Source\OverbyteIcsSysLogClient.dcr" />
    <DCCReference Include="..\Source\OverbyteIcsSysLogClient.dcr" />
    <DCCReference Include="..\Source\OverbyteIcsSysLogClient.pas" />
    <DCCReference Include="..\Source\OverbyteIcsSysLogDefs.pas" />
    <DCCReference Include="..\Source\OverbyteIcsSysLogServer.dcr" />
    <DCCReference Include="..\Source\OverbyteIcsSysLogServer.dcr" />
    <DCCReference Include="..\Source\OverbyteIcsSysLogServer.pas" />
    <DCCReference Include="..\Source\OverbyteIcsThreadTimer.pas" />
    <DCCReference Include="..\Source\OverbyteIcsTicks64.pas" />
    <DCCReference Include="..\Source\OverbyteIcsTimeList.dcr" />
    <DCCReference Include="..\Source\OverbyteIcsTimeList.dcr" />
    <DCCReference Include="..\Source\OverbyteIcsTimeList.pas" />
    <DCCReference Include="..\Source\OverbyteIcsTnCnx.dcr" />
    <DCCReference Include="..\Source\OverbyteIcsTnCnx.dcr" />
    <DCCReference Include="..\Source\OverbyteIcsTnCnx.pas" />
    <DCCReference Include="..\Source\OverbyteIcsTnEmulVT.dcr" />
    <DCCReference Include="..\Source\OverbyteIcsTnEmulVT.dcr" />
    <DCCReference Include="..\Source\OverbyteIcsTnEmulVT.pas" />
    <DCCReference Include="..\Source\OverbyteIcsTnOptFrm.pas">
      <Form>OptForm</Form>
    </DCCReference>
    <DCCReference Include="..\Source\OverbyteIcsTnScript.dcr" />
    <DCCReference Include="..\Source\OverbyteIcsTnScript.dcr" />
    <DCCReference Include="..\Source\OverbyteIcsTnScript.pas" />
    <DCCReference Include="..\Source\OverbyteIcsTypes.pas" />
    <DCCReference Include="..\Source\OverbyteIcsUrl.pas" />
    <DCCReference Include="..\Source\OverbyteIcsUtils.pas" />
    <DCCReference Include="..\Source\OverbyteIcsWebSession.pas" />
    <DCCReference Include="..\source\OverbyteIcsWhoisCli.dcr" />
    <DCCReference Include="..\source\OverbyteIcsWhoisCli.dcr" />
    <DCCReference Include="..\Source\OverbyteIcsWhoisCli.pas" />
    <DCCReference Include="..\Source\OverbyteIcsWinCrypt.pas" />
    <DCCReference Include="..\Source\OverbyteIcsWinnls.pas" />
    <DCCReference Include="..\Source\OverbyteIcsWinsock.pas" />
    <DCCReference Include="..\Source\OverbyteIcsWndControl.pas" />
    <DCCReference Include="..\Source\OverbyteIcsWSockBuf.pas" />
    <DCCReference Include="..\Source\OverbyteIcsWSocket.dcr" />
    <DCCReference Include="..\Source\OverbyteIcsWSocket.dcr" />
    <DCCReference Include="..\Source\OverbyteIcsWSocket.pas" />
    <DCCReference Include="..\Source\OverbyteIcsWSocketS.dcr" />
    <DCCReference Include="..\Source\OverbyteIcsWSocketS.dcr" />
    <DCCReference Include="..\Source\OverbyteIcsWSocketS.pas" />
    <DCCReference Include="..\Source\OverbyteIcsWSocketTS.dcr" />
    <DCCReference Include="..\Source\OverbyteIcsWSocketTS.dcr" />
    <DCCReference Include="..\Source\OverbyteIcsWSocketTS.pas" />
    <DCCReference Include="..\Source\OverbyteIcsZLibDll.pas" />
    <DCCReference Include="..\Source\OverbyteIcsZlibHigh.pas" />
    <DCCReference Include="..\Source\OverbyteIcsZLibObj.pas" />
    <DCCReference Include="C:\Users\angus\Desktop\dbrtl.dcp" />
    <DCCReference Include="C:\Users\angus\Desktop\designide.dcp" />
    <DCCReference Include="C:\Users\angus\Desktop\inet.dcp" />
    <DCCReference Include="C:\Users\angus\Desktop\rtl.dcp" />
    <DCCReference Include="C:\Users\angus\Desktop\vcl.dcp" />
    <DCCReference Include="C:\Users\angus\Desktop\vclactnband.dcp" />
    <DCCReference Include="C:\Users\angus\Desktop\vclx.dcp" />
    <DCCReference Include="C:\Users\angus\Desktop\VCLZipPack.dcp" />
    <DCCReference Include="C:\Users\angus\Desktop\xmlrtl.dcp" />
  </ItemGroup>
</Project>