<?xml version="1.0"?>
<CONFIG>
  <ProjectOptions>
    <Version Value="9"/>
    <PathDelim Value="\"/>
    <General>
      <MainUnit Value="0"/>
      <Title Value="Localize from scratch demo"/>
      <UseXPManifest Value="True"/>
      <Icon Value="0"/>
      <ActiveWindowIndexAtStart Value="0"/>
    </General>
    <VersionInfo>
      <StringTable ProductVersion=""/>
    </VersionInfo>
    <BuildModes Count="1">
      <Item1 Name="default" Default="True"/>
    </BuildModes>
    <PublishOptions>
      <Version Value="2"/>
      <IgnoreBinaries Value="False"/>
      <IncludeFileFilter Value="*.(pas|pp|inc|lfm|lpr|lrs|lpi|lpk|sh|xml)"/>
      <ExcludeFileFilter Value="*.(bak|ppu|ppw|o|so);*~;backup"/>
    </PublishOptions>
    <RunParams>
      <local>
        <FormatVersion Value="1"/>
        <LaunchingApplication PathPlusParams="/usr/X11R6/bin/xterm -T 'Lazarus Run Output' -e $(LazarusDir)/tools/runwait.sh $(TargetCmdLine)"/>
      </local>
    </RunParams>
    <RequiredPackages Count="1">
      <Item1>
        <PackageName Value="LCL"/>
      </Item1>
    </RequiredPackages>
    <Units Count="8">
      <Unit0>
        <Filename Value="LocalizeFromScratch.lpr"/>
        <IsPartOfProject Value="True"/>
        <EditorIndex Value="0"/>
        <WindowIndex Value="0"/>
        <TopLine Value="1"/>
        <CursorPos X="5" Y="24"/>
        <UsageCount Value="23"/>
        <Loaded Value="True"/>
        <DefaultSyntaxHighlighter Value="Delphi"/>
      </Unit0>
      <Unit1>
        <Filename Value="Child.pas"/>
        <ComponentName Value="frmChild"/>
        <HasResources Value="True"/>
        <ResourceBaseClass Value="Form"/>
        <UnitName Value="Child"/>
        <WindowIndex Value="0"/>
        <TopLine Value="3"/>
        <CursorPos X="25" Y="26"/>
        <UsageCount Value="11"/>
        <DefaultSyntaxHighlighter Value="Delphi"/>
      </Unit1>
      <Unit2>
        <Filename Value="Main.pas"/>
        <ComponentName Value="Form1"/>
        <HasResources Value="True"/>
        <ResourceBaseClass Value="Form"/>
        <UnitName Value="Main"/>
        <IsVisibleTab Value="True"/>
        <EditorIndex Value="1"/>
        <WindowIndex Value="0"/>
        <TopLine Value="47"/>
        <CursorPos X="14" Y="66"/>
        <UsageCount Value="11"/>
        <Loaded Value="True"/>
        <DefaultSyntaxHighlighter Value="Delphi"/>
      </Unit2>
      <Unit3>
        <Filename Value="..\..\Source\plsEmbedded.pas"/>
        <ComponentName Value="frmEmbeddedEditor"/>
        <HasResources Value="True"/>
        <ResourceBaseClass Value="Form"/>
        <UnitName Value="plsEmbedded"/>
        <WindowIndex Value="0"/>
        <TopLine Value="1318"/>
        <CursorPos X="1" Y="1338"/>
        <UsageCount Value="11"/>
        <Bookmarks Count="2">
          <Item0 X="1" Y="1312" ID="2"/>
          <Item1 X="29" Y="1341" ID="3"/>
        </Bookmarks>
        <DefaultSyntaxHighlighter Value="Delphi"/>
      </Unit3>
      <Unit4>
        <Filename Value="F:\DeveloperTools\lazarus\fpc\2.2.4\source\rtl\objpas\typinfo.pp"/>
        <UnitName Value="typinfo"/>
        <TopLine Value="38"/>
        <CursorPos X="7" Y="62"/>
        <UsageCount Value="11"/>
      </Unit4>
      <Unit5>
        <Filename Value="..\..\Source\plsLangMan.pas"/>
        <UnitName Value="plsLangMan"/>
        <WindowIndex Value="0"/>
        <TopLine Value="33"/>
        <CursorPos X="24" Y="82"/>
        <UsageCount Value="11"/>
        <DefaultSyntaxHighlighter Value="Delphi"/>
      </Unit5>
      <Unit6>
        <Filename Value="F:\DeveloperTools\lazarus\lcl\grids.pas"/>
        <UnitName Value="Grids"/>
        <TopLine Value="965"/>
        <CursorPos X="27" Y="989"/>
        <UsageCount Value="10"/>
      </Unit6>
      <Unit7>
        <Filename Value="C:\lazarus\fpc\2.6.2\source\packages\fcl-base\src\inifiles.pp"/>
        <UnitName Value="IniFiles"/>
        <WindowIndex Value="0"/>
        <TopLine Value="979"/>
        <CursorPos X="34" Y="979"/>
        <UsageCount Value="10"/>
      </Unit7>
    </Units>
    <JumpHistory Count="0" HistoryIndex="-1"/>
  </ProjectOptions>
  <CompilerOptions>
    <Version Value="11"/>
    <PathDelim Value="\"/>
    <Target>
      <Filename Value="LocalizeFromScratch"/>
    </Target>
    <SearchPaths>
      <IncludeFiles Value="$(ProjOutDir);..\..\Source"/>
      <OtherUnitFiles Value="..\..\Source"/>
      <UnitOutputDirectory Value="__ppu"/>
    </SearchPaths>
    <Parsing>
      <SyntaxOptions>
        <SyntaxMode Value="Delphi"/>
        <UseAnsiStrings Value="False"/>
      </SyntaxOptions>
    </Parsing>
    <Linking>
      <Debugging>
        <GenerateDebugInfo Value="False"/>
      </Debugging>
      <Options>
        <Win32>
          <GraphicApplication Value="True"/>
        </Win32>
      </Options>
    </Linking>
    <Other>
      <CompilerPath Value="$(CompPath)"/>
    </Other>
  </CompilerOptions>
  <Debugging>
    <Watches Count="1">
      <Item1>
        <Expression Value="LProps[9].name"/>
      </Item1>
    </Watches>
    <Exceptions Count="3">
      <Item1>
        <Name Value="EAbort"/>
      </Item1>
      <Item2>
        <Name Value="ECodetoolError"/>
      </Item2>
      <Item3>
        <Name Value="EFOpenError"/>
      </Item3>
    </Exceptions>
  </Debugging>
</CONFIG>
