<?xml version="1.0"?>
<CONFIG>
  <ProjectOptions>
    <Version Value="7"/>
    <General>
      <MainUnit Value="0"/>
      <TargetFileExt Value=""/>
      <Icon Value="0"/>
      <UseXPManifest Value="True"/>
      <ActiveEditorIndexAtStart Value="0"/>
    </General>
    <VersionInfo>
      <ProjectVersion Value=""/>
      <Language Value=""/>
      <CharSet Value=""/>
    </VersionInfo>
    <PublishOptions>
      <Version Value="2"/>
      <IgnoreBinaries Value="False"/>
      <IncludeFileFilter Value="*.(pas|pp|inc|lfm|lpr|lrs|lpi|lpk|sh|xml)"/>
      <ExcludeFileFilter Value="*.(bak|ppu|ppw|o|so);*~;backup"/>
    </PublishOptions>
    <RunParams>
      <local>
        <FormatVersion Value="1"/>
        <LaunchingApplication PathPlusParams="/usr/X11R6/bin/xterm -T 'Lazarus Run Output' -e $(LazarusDir)/tools/runwait.sh $(TargetCmdLine)"/>
      </local>
    </RunParams>
    <RequiredPackages Count="4">
      <Item1>
        <PackageName Value="FCL"/>
        <MinVersion Major="1" Valid="True"/>
      </Item1>
      <Item2>
        <PackageName Value="DBFLaz"/>
        <MinVersion Minor="1" Release="1" Valid="True"/>
      </Item2>
      <Item3>
        <PackageName Value="lazextcomponents"/>
        <MinVersion Minor="9" Build="4" Valid="True"/>
      </Item3>
      <Item4>
        <PackageName Value="LCL"/>
      </Item4>
    </RequiredPackages>
    <Units Count="8">
      <Unit0>
        <Filename Value="demo.lpr"/>
        <IsPartOfProject Value="True"/>
        <UnitName Value="demo"/>
        <CursorPos X="56" Y="7"/>
        <TopLine Value="1"/>
        <EditorIndex Value="4"/>
        <UsageCount Value="20"/>
        <Loaded Value="True"/>
      </Unit0>
      <Unit1>
        <Filename Value="u_components.pas"/>
        <IsPartOfProject Value="True"/>
        <ComponentName Value="Myform"/>
        <ResourceBaseClass Value="Form"/>
        <UnitName Value="U_Components"/>
        <CursorPos X="9" Y="77"/>
        <TopLine Value="53"/>
        <EditorIndex Value="0"/>
        <UsageCount Value="20"/>
        <Loaded Value="True"/>
      </Unit1>
      <Unit2>
        <Filename Value="../../../Lazarus/Livre/NomsDBF/ufiche.pas"/>
        <ComponentName Value="MaFiche"/>
        <HasResources Value="True"/>
        <ResourceBaseClass Value="Form"/>
        <UnitName Value="UFiche"/>
        <CursorPos X="1" Y="1"/>
        <TopLine Value="1"/>
        <EditorIndex Value="6"/>
        <UsageCount Value="10"/>
        <Loaded Value="True"/>
      </Unit2>
      <Unit3>
        <Filename Value="../../../Lazarus/Livre/Noms/ufiche.pas"/>
        <ComponentName Value="MaFiche"/>
        <HasResources Value="True"/>
        <ResourceBaseClass Value="Form"/>
        <UnitName Value="UFiche"/>
        <CursorPos X="1" Y="15"/>
        <TopLine Value="1"/>
        <EditorIndex Value="5"/>
        <UsageCount Value="10"/>
        <Loaded Value="True"/>
      </Unit3>
      <Unit4>
        <Filename Value="../composants/U_ExtNumEdits.pas"/>
        <UnitName Value="U_ExtNumEdits"/>
        <CursorPos X="13" Y="642"/>
        <TopLine Value="639"/>
        <EditorIndex Value="3"/>
        <UsageCount Value="10"/>
        <Loaded Value="True"/>
      </Unit4>
      <Unit5>
        <Filename Value="../composants/u_extcomponent.pas"/>
        <UnitName Value="u_extcomponent"/>
        <CursorPos X="1" Y="58"/>
        <TopLine Value="58"/>
        <UsageCount Value="10"/>
      </Unit5>
      <Unit6>
        <Filename Value="../composants/U_OnFormInfoIni.pas"/>
        <UnitName Value="U_OnFormInfoIni"/>
        <CursorPos X="1" Y="238"/>
        <TopLine Value="215"/>
        <EditorIndex Value="2"/>
        <UsageCount Value="10"/>
        <Loaded Value="True"/>
      </Unit6>
      <Unit7>
        <Filename Value="../composants/U_FormMainIni.pas"/>
        <ComponentName Value="F_FormMainIni"/>
        <HasResources Value="True"/>
        <ResourceBaseClass Value="Form"/>
        <UnitName Value="U_FormMainIni"/>
        <CursorPos X="1" Y="1491"/>
        <TopLine Value="1472"/>
        <EditorIndex Value="1"/>
        <UsageCount Value="10"/>
        <Loaded Value="True"/>
      </Unit7>
    </Units>
    <JumpHistory Count="30" HistoryIndex="29">
      <Position1>
        <Filename Value="../composants/U_OnFormInfoIni.pas"/>
        <Caret Line="235" Column="23" TopLine="204"/>
      </Position1>
      <Position2>
        <Filename Value="../composants/U_OnFormInfoIni.pas"/>
        <Caret Line="236" Column="33" TopLine="204"/>
      </Position2>
      <Position3>
        <Filename Value="../composants/U_OnFormInfoIni.pas"/>
        <Caret Line="1" Column="1" TopLine="1"/>
      </Position3>
      <Position4>
        <Filename Value="../composants/U_OnFormInfoIni.pas"/>
        <Caret Line="84" Column="15" TopLine="65"/>
      </Position4>
      <Position5>
        <Filename Value="../composants/U_OnFormInfoIni.pas"/>
        <Caret Line="206" Column="17" TopLine="187"/>
      </Position5>
      <Position6>
        <Filename Value="../composants/U_OnFormInfoIni.pas"/>
        <Caret Line="201" Column="1" TopLine="182"/>
      </Position6>
      <Position7>
        <Filename Value="../composants/U_OnFormInfoIni.pas"/>
        <Caret Line="202" Column="1" TopLine="183"/>
      </Position7>
      <Position8>
        <Filename Value="../composants/U_OnFormInfoIni.pas"/>
        <Caret Line="204" Column="1" TopLine="185"/>
      </Position8>
      <Position9>
        <Filename Value="../composants/U_OnFormInfoIni.pas"/>
        <Caret Line="205" Column="1" TopLine="186"/>
      </Position9>
      <Position10>
        <Filename Value="../composants/U_OnFormInfoIni.pas"/>
        <Caret Line="206" Column="1" TopLine="187"/>
      </Position10>
      <Position11>
        <Filename Value="../composants/U_OnFormInfoIni.pas"/>
        <Caret Line="207" Column="1" TopLine="188"/>
      </Position11>
      <Position12>
        <Filename Value="../composants/U_OnFormInfoIni.pas"/>
        <Caret Line="208" Column="1" TopLine="189"/>
      </Position12>
      <Position13>
        <Filename Value="../composants/U_OnFormInfoIni.pas"/>
        <Caret Line="209" Column="1" TopLine="190"/>
      </Position13>
      <Position14>
        <Filename Value="../composants/U_OnFormInfoIni.pas"/>
        <Caret Line="210" Column="1" TopLine="191"/>
      </Position14>
      <Position15>
        <Filename Value="../composants/U_OnFormInfoIni.pas"/>
        <Caret Line="211" Column="1" TopLine="192"/>
      </Position15>
      <Position16>
        <Filename Value="../composants/U_OnFormInfoIni.pas"/>
        <Caret Line="212" Column="1" TopLine="193"/>
      </Position16>
      <Position17>
        <Filename Value="../composants/U_OnFormInfoIni.pas"/>
        <Caret Line="203" Column="27" TopLine="194"/>
      </Position17>
      <Position18>
        <Filename Value="../composants/U_OnFormInfoIni.pas"/>
        <Caret Line="1" Column="1" TopLine="1"/>
      </Position18>
      <Position19>
        <Filename Value="../composants/U_OnFormInfoIni.pas"/>
        <Caret Line="234" Column="3" TopLine="219"/>
      </Position19>
      <Position20>
        <Filename Value="../composants/U_OnFormInfoIni.pas"/>
        <Caret Line="233" Column="21" TopLine="215"/>
      </Position20>
      <Position21>
        <Filename Value="../composants/U_OnFormInfoIni.pas"/>
        <Caret Line="235" Column="26" TopLine="217"/>
      </Position21>
      <Position22>
        <Filename Value="../composants/U_OnFormInfoIni.pas"/>
        <Caret Line="643" Column="1" TopLine="624"/>
      </Position22>
      <Position23>
        <Filename Value="../composants/U_OnFormInfoIni.pas"/>
        <Caret Line="644" Column="1" TopLine="625"/>
      </Position23>
      <Position24>
        <Filename Value="../composants/U_OnFormInfoIni.pas"/>
        <Caret Line="645" Column="1" TopLine="626"/>
      </Position24>
      <Position25>
        <Filename Value="../composants/U_OnFormInfoIni.pas"/>
        <Caret Line="635" Column="33" TopLine="628"/>
      </Position25>
      <Position26>
        <Filename Value="../composants/U_OnFormInfoIni.pas"/>
        <Caret Line="1" Column="1" TopLine="1"/>
      </Position26>
      <Position27>
        <Filename Value="u_components.pas"/>
        <Caret Line="77" Column="9" TopLine="54"/>
      </Position27>
      <Position28>
        <Filename Value="u_components.pas"/>
        <Caret Line="76" Column="9" TopLine="53"/>
      </Position28>
      <Position29>
        <Filename Value="u_components.pas"/>
        <Caret Line="77" Column="9" TopLine="53"/>
      </Position29>
      <Position30>
        <Filename Value="u_components.pas"/>
        <Caret Line="76" Column="9" TopLine="53"/>
      </Position30>
    </JumpHistory>
  </ProjectOptions>
  <CompilerOptions>
    <Version Value="8"/>
    <SearchPaths>
      <IncludeFiles Value="$(ProjOutDir)/"/>
    </SearchPaths>
    <CodeGeneration>
      <Optimizations>
        <OptimizationLevel Value="3"/>
      </Optimizations>
    </CodeGeneration>
    <Linking>
      <Debugging>
        <UseLineInfoUnit Value="False"/>
      </Debugging>
      <Options>
        <Win32>
          <GraphicApplication Value="True"/>
        </Win32>
      </Options>
    </Linking>
    <Other>
      <Verbosity>
        <ShowErrors Value="False"/>
        <ShowWarn Value="False"/>
        <ShowNotes Value="False"/>
        <ShowHints Value="False"/>
        <ShowGenInfo Value="False"/>
      </Verbosity>
      <CompilerPath Value="$(CompPath)"/>
    </Other>
  </CompilerOptions>
  <Debugging>
    <Exceptions Count="3">
      <Item1>
        <Name Value="EAbort"/>
      </Item1>
      <Item2>
        <Name Value="ECodetoolError"/>
      </Item2>
      <Item3>
        <Name Value="EFOpenError"/>
      </Item3>
    </Exceptions>
  </Debugging>
</CONFIG>
