<Project xmlns="http://schemas.microsoft.com/developer/msbuild/2003">
    <PropertyGroup>
        <ProjectGuid>{BCD0545C-3A49-4959-BB73-0741D6E1D23B}</ProjectGuid>
        <MainSource>OverbyteIcsD110Run.dpk</MainSource>
        <Configuration Condition=" '$(Configuration)' == '' ">Debug</Configuration>
        <DCC_DCCCompiler>DCC32</DCC_DCCCompiler>
        <DCC_DependencyCheckOutputName>C:\Documents and Settings\All Users\Documents\RAD Studio\6.0\Bpl\OverbyteIcsD2009Run.bpl</DCC_DependencyCheckOutputName>
        <ProjectVersion>18.5</ProjectVersion>
        <Config Condition="'$(Config)'==''">Debug</Config>
        <Base>True</Base>
        <AppType>Package</AppType>
        <FrameworkType>VCL</FrameworkType>
        <Platform Condition="'$(Platform)'==''">Win32</Platform>
        <TargetedPlatforms>3</TargetedPlatforms>
    </PropertyGroup>
    <PropertyGroup Condition="'$(Config)'=='Base' or '$(Base)'!=''">
        <Base>true</Base>
    </PropertyGroup>
    <PropertyGroup Condition="('$(Platform)'=='Win32' and '$(Base)'=='true') or '$(Base_Win32)'!=''">
        <Base_Win32>true</Base_Win32>
        <CfgParent>Base</CfgParent>
        <Base>true</Base>
    </PropertyGroup>
    <PropertyGroup Condition="('$(Platform)'=='Win64' and '$(Base)'=='true') or '$(Base_Win64)'!=''">
        <Base_Win64>true</Base_Win64>
        <CfgParent>Base</CfgParent>
        <Base>true</Base>
    </PropertyGroup>
    <PropertyGroup Condition="'$(Config)'=='Release' or '$(Cfg_Release)'!=''">
        <Cfg_Release>true</Cfg_Release>
        <CfgParent>Base</CfgParent>
        <Base>true</Base>
    </PropertyGroup>
    <PropertyGroup Condition="('$(Platform)'=='Win32' and '$(Cfg_Release)'=='true') or '$(Cfg_Release_Win32)'!=''">
        <Cfg_Release_Win32>true</Cfg_Release_Win32>
        <CfgParent>Cfg_Release</CfgParent>
        <Cfg_Release>true</Cfg_Release>
        <Base>true</Base>
    </PropertyGroup>
    <PropertyGroup Condition="('$(Platform)'=='Win64' and '$(Cfg_Release)'=='true') or '$(Cfg_Release_Win64)'!=''">
        <Cfg_Release_Win64>true</Cfg_Release_Win64>
        <CfgParent>Cfg_Release</CfgParent>
        <Cfg_Release>true</Cfg_Release>
        <Base>true</Base>
    </PropertyGroup>
    <PropertyGroup Condition="'$(Config)'=='Debug' or '$(Cfg_Debug)'!=''">
        <Cfg_Debug>true</Cfg_Debug>
        <CfgParent>Base</CfgParent>
        <Base>true</Base>
    </PropertyGroup>
    <PropertyGroup Condition="('$(Platform)'=='Win32' and '$(Cfg_Debug)'=='true') or '$(Cfg_Debug_Win32)'!=''">
        <Cfg_Debug_Win32>true</Cfg_Debug_Win32>
        <CfgParent>Cfg_Debug</CfgParent>
        <Cfg_Debug>true</Cfg_Debug>
        <Base>true</Base>
    </PropertyGroup>
    <PropertyGroup Condition="('$(Platform)'=='Win64' and '$(Cfg_Debug)'=='true') or '$(Cfg_Debug_Win64)'!=''">
        <Cfg_Debug_Win64>true</Cfg_Debug_Win64>
        <CfgParent>Cfg_Debug</CfgParent>
        <Cfg_Debug>true</Cfg_Debug>
        <Base>true</Base>
    </PropertyGroup>
    <PropertyGroup Condition="'$(Base)'!=''">
        <SanitizedProjectName>OverbyteIcsD110Run</SanitizedProjectName>
        <DCC_UnitSearchPath>..\Source;..\Source\Include;$(DCC_UnitSearchPath)</DCC_UnitSearchPath>
        <DCC_OutputNeverBuildDcps>true</DCC_OutputNeverBuildDcps>
        <DCC_Namespace>System;Xml;Data;Datasnap;Web;Soap;Vcl;Vcl.Imaging;Vcl.Touch;Vcl.Samples;Vcl.Shell;$(DCC_Namespace)</DCC_Namespace>
        <DCC_DcuOutput>..\Lib\$(Config)\$(Platform)\D110</DCC_DcuOutput>
        <VerInfo_Keys>CompanyName=;FileDescription=;FileVersion=1.0.0.0;InternalName=;LegalCopyright=;LegalTrademarks=;OriginalFilename=;ProductName=;ProductVersion=1.0.0.0;Comments=</VerInfo_Keys>
        <VerInfo_IncludeVerInfo>true</VerInfo_IncludeVerInfo>
        <VerInfo_Locale>1033</VerInfo_Locale>
        <DCC_Define>USE_SSL;$(DCC_Define)</DCC_Define>
        <RuntimeOnlyPackage>true</RuntimeOnlyPackage>
        <DCC_SymbolReferenceInfo>0</DCC_SymbolReferenceInfo>
        <DCC_Description>Overbyte ICS VCL Run-Time Package for Delphi 11.0</DCC_Description>
        <DCC_RangeChecking>true</DCC_RangeChecking>
        <DCC_IntegerOverflowCheck>true</DCC_IntegerOverflowCheck>
        <GenDll>true</GenDll>
        <GenPackage>true</GenPackage>
        <DCC_ImageBase>00400000</DCC_ImageBase>
    </PropertyGroup>
    <PropertyGroup Condition="'$(Base_Win32)'!=''">
        <DCC_Namespace>Winapi;System.Win;Data.Win;Datasnap.Win;Web.Win;Soap.Win;Xml.Win;Bde;$(DCC_Namespace)</DCC_Namespace>
        <DCC_OutputNeverBuildDcps>true</DCC_OutputNeverBuildDcps>
    </PropertyGroup>
    <PropertyGroup Condition="'$(Base_Win64)'!=''">
        <DCC_Namespace>Winapi;System.Win;$(DCC_Namespace)</DCC_Namespace>
    </PropertyGroup>
    <PropertyGroup Condition="'$(Cfg_Release)'!=''">
        <DCC_AssertionsAtRuntime>false</DCC_AssertionsAtRuntime>
        <Version>7.0</Version>
        <DCC_DebugInformation>0</DCC_DebugInformation>
        <DCC_LocalDebugSymbols>False</DCC_LocalDebugSymbols>
        <DCC_Optimize>true</DCC_Optimize>
        <DCC_IntegerOverflowCheck>false</DCC_IntegerOverflowCheck>
        <DCC_RangeChecking>false</DCC_RangeChecking>
        <DCC_SymbolReferenceInfo>0</DCC_SymbolReferenceInfo>
        <DCC_Define>RELEASE;USE_SSL</DCC_Define>
    </PropertyGroup>
    <PropertyGroup Condition="'$(Cfg_Release_Win32)'!=''">
        <PostBuildEvent><![CDATA[copy ..\Source\OverbyteIcsTnOptFrm.dfm ..\Lib\Release\Win32\D110\OverbyteIcsTnOptFrm.dfm
$(PostBuildEvent)]]></PostBuildEvent>
        <DCC_OutputNeverBuildDcps>true</DCC_OutputNeverBuildDcps>
    </PropertyGroup>
    <PropertyGroup Condition="'$(Cfg_Release_Win64)'!=''">
        <PostBuildEvent><![CDATA[copy ..\Source\OverbyteIcsTnOptFrm.dfm ..\Lib\Release\Win64\D110\OverbyteIcsTnOptFrm.dfm
$(PostBuildEvent)]]></PostBuildEvent>
    </PropertyGroup>
    <PropertyGroup Condition="'$(Cfg_Debug)'!=''">
        <DCC_DebugInfoInExe>true</DCC_DebugInfoInExe>
        <DCC_GenerateStackFrames>true</DCC_GenerateStackFrames>
        <DCC_SymbolReferenceInfo>2</DCC_SymbolReferenceInfo>
        <Version>7.0</Version>
        <DCC_Optimize>False</DCC_Optimize>
        <DCC_IntegerOverflowCheck>false</DCC_IntegerOverflowCheck>
        <DCC_RangeChecking>false</DCC_RangeChecking>
        <DCC_Define>DEBUG;USE_SSL</DCC_Define>
        <DCC_ResourcePath>..\Vc32</DCC_ResourcePath>
        <DCC_ObjPath>..\Vc32</DCC_ObjPath>
        <DCC_IncludePath>..\Vc32</DCC_IncludePath>
    </PropertyGroup>
    <PropertyGroup Condition="'$(Cfg_Debug_Win32)'!=''">
        <PostBuildEvent><![CDATA[copy ..\Source\OverbyteIcsTnOptFrm.dfm ..\Lib\Debug\Win32\D110\OverbyteIcsTnOptFrm.dfm
$(PostBuildEvent)]]></PostBuildEvent>
        <DCC_OutputNeverBuildDcps>true</DCC_OutputNeverBuildDcps>
    </PropertyGroup>
    <PropertyGroup Condition="'$(Cfg_Debug_Win64)'!=''">
        <PostBuildEvent><![CDATA[copy ..\Source\OverbyteIcsTnOptFrm.dfm ..\Lib\Debug\Win64\D110\OverbyteIcsTnOptFrm.dfm
$(PostBuildEvent)]]></PostBuildEvent>
    </PropertyGroup>
    <ItemGroup>
        <DelphiCompile Include="$(MainSource)">
            <MainSource>MainSource</MainSource>
        </DelphiCompile>
        <DCCReference Include="..\Source\OverbyteIcsHttpSrv.dcr"/>
        <DCCReference Include="..\Source\OverbyteIcsFtpSrv.dcr"/>
        <DCCReference Include="..\Source\OverbyteIcsNntpCli.dcr"/>
        <DCCReference Include="..\Source\OverbyteIcsWSocket.dcr"/>
        <DCCReference Include="..\Source\OverbyteIcsFtpCli.dcr"/>
        <DCCReference Include="..\Source\OverbyteIcsHttpProt.dcr"/>
        <DCCReference Include="..\Source\OverbyteIcsWSocketS.dcr"/>
        <DCCReference Include="..\Source\OverbyteIcsSmtpProt.dcr"/>
        <DCCReference Include="..\Source\OverbyteIcsPop3Prot.dcr"/>
        <DCCReference Include="..\Source\OverbyteIcsTnCnx.dcr"/>
        <DCCReference Include="..\Source\OverbyteIcsEmulVT.dcr"/>
        <DCCReference Include="..\Source\OverbyteIcsTnEmulVT.dcr"/>
        <DCCReference Include="..\Source\OverbyteIcsPing.dcr"/>
        <DCCReference Include="..\Source\OverbyteIcsDnsQuery.dcr"/>
        <DCCReference Include="..\Source\OverbyteIcsTnScript.dcr"/>
        <DCCReference Include="..\Source\OverbyteIcsFingCli.dcr"/>
        <DCCReference Include="..\Source\OverbyteIcsLogger.dcr"/>
        <DCCReference Include="..\Source\OverbyteIcsMimeDec.dcr"/>
        <DCCReference Include="..\Source\OverbyteIcsMultipartFtpDownloader.dcr"/>
        <DCCReference Include="..\Source\OverbyteIcsMultipartHttpDownloader.dcr"/>
        <DCCReference Include="..\Source\OverbyteIcsMultiProgressBar.dcr"/>
        <DCCReference Include="..\Source\OverbyteIcsSslSessionCache.dcr"/>
        <DCCReference Include="..\Source\OverbyteIcsHttpAppServer.dcr"/>
        <DCCReference Include="..\Source\OverbyteIcsTimeList.dcr"/>
        <DCCReference Include="..\Source\OverbyteIcsCharsetComboBox.dcr"/>
        <DCCReference Include="..\Source\OverbyteIcsWSocketTS.dcr"/>
        <DCCReference Include="..\Source\OverbyteIcsMimeUtils.dcr"/>
        <DCCReference Include="..\Source\OverbyteIcsCookies.dcr"/>
        <DCCReference Include="..\Source\OverbyteIcsSmtpSrv.dcr"/>
        <DCCReference Include="..\Source\OverbyteIcsProxy.dcr"/>
        <DCCReference Include="..\Source\OverbyteIcsSslHttpRest.dcr"/>
        <DCCReference Include="..\Source\OverbyteIcsSslX509Certs.dcr"/>
        <DCCReference Include="..\source\OverbyteIcsBlacklist.dcr"/>
        <DCCReference Include="..\source\OverbyteIcsIpStreamLog.dcr"/>
        <DCCReference Include="..\source\OverbyteIcsMailQueue.dcr"/>
        <DCCReference Include="..\source\OverbyteIcsSntp.dcr"/>
        <DCCReference Include="..\source\OverbyteIcsWhoisCli.dcr"/>
        <DCCReference Include="..\source\OverbyteIcsFileCopy.dcr"/>
        <DCCReference Include="..\source\OverbyteIcsHttpMulti.dcr"/>
        <DCCReference Include="..\source\OverbyteIcsFtpMulti.dcr"/>
        <DCCReference Include="rtl.dcp"/>
        <DCCReference Include="vcl.dcp"/>
        <DCCReference Include="..\Source\OverbyteIcsTypes.pas"/>
        <DCCReference Include="..\Source\OverbyteIcsWinsock.pas"/>
        <DCCReference Include="..\Source\OverbyteIcsWndControl.pas"/>
        <DCCReference Include="..\Source\OverbyteIcsWSockBuf.pas"/>
        <DCCReference Include="..\Source\OverByteIcsFtpSrvT.pas"/>
        <DCCReference Include="..\Source\OverbyteIcsWSocket.pas"/>
        <DCCReference Include="..\Source\OverbyteIcsFtpCli.pas"/>
        <DCCReference Include="..\Source\OverbyteIcsFtpSrv.pas"/>
        <DCCReference Include="..\Source\OverbyteIcsHttpProt.pas"/>
        <DCCReference Include="..\Source\OverbyteIcsWSocketS.pas"/>
        <DCCReference Include="..\Source\OverbyteIcsSmtpProt.pas"/>
        <DCCReference Include="..\Source\OverbyteIcsPop3Prot.pas"/>
        <DCCReference Include="..\Source\OverbyteIcsNntpCli.pas"/>
        <DCCReference Include="..\Source\OverbyteIcsTnCnx.pas"/>
        <DCCReference Include="..\Source\OverbyteIcsEmulVT.pas"/>
        <DCCReference Include="..\Source\OverbyteIcsTnEmulVT.pas"/>
        <DCCReference Include="..\Source\OverbyteIcsTnOptFrm.pas">
            <Form>OptForm</Form>
        </DCCReference>
        <DCCReference Include="..\Source\OverbyteIcsPing.pas"/>
        <DCCReference Include="..\Source\OverbyteIcsDnsQuery.pas"/>
        <DCCReference Include="..\Source\OverbyteIcsTnScript.pas"/>
        <DCCReference Include="..\Source\OverbyteIcsFingCli.pas"/>
        <DCCReference Include="..\Source\OverbyteIcsLogger.pas"/>
        <DCCReference Include="..\Source\OverbyteIcsMD4.pas"/>
        <DCCReference Include="..\Source\OverbyteIcsMD5.pas"/>
        <DCCReference Include="..\Source\OverbyteIcsMimeUtils.pas"/>
        <DCCReference Include="..\Source\OverbyteIcsSha1.pas"/>
        <DCCReference Include="..\Source\OverbyteIcsUrl.pas"/>
        <DCCReference Include="..\Source\OverbyteIcsZlibHigh.pas"/>
        <DCCReference Include="..\Source\OverbyteIcsZLibObj.pas"/>
        <DCCReference Include="..\Source\OverbyteIcsDES.pas"/>
        <DCCReference Include="..\Source\OverbyteIcsHttpContCod.pas"/>
        <DCCReference Include="..\Source\OverbyteIcsIcmp.pas"/>
        <DCCReference Include="..\Source\OverbyteIcsNtlmMsgs.pas"/>
        <DCCReference Include="..\Source\OverbyteIcsStreams.pas"/>
        <DCCReference Include="..\Source\OverbyteIcsLIBEAY.pas"/>
        <DCCReference Include="..\Source\OverbyteIcsSSLEAY.pas"/>
        <DCCReference Include="..\Source\OverbyteIcsAvlTrees.pas"/>
        <DCCReference Include="..\Source\OverbyteIcsSslSessionCache.pas"/>
        <DCCReference Include="..\Source\OverbyteIcsHttpSrv.pas"/>
        <DCCReference Include="..\Source\OverbyteIcsSspi.pas"/>
        <DCCReference Include="..\Source\OverbyteIcsNtlmSsp.pas"/>
        <DCCReference Include="..\Source\OverbyteIcsSocketUtils.pas"/>
        <DCCReference Include="..\Source\OverbyteIcsMimeDec.pas"/>
        <DCCReference Include="..\Source\OverbyteIcsMultipartFtpDownloader.pas"/>
        <DCCReference Include="..\Source\OverbyteIcsMultipartHttpDownloader.pas"/>
        <DCCReference Include="..\Source\OverbyteIcsOneTimePw.pas"/>
        <DCCReference Include="..\Source\OverbyteIcsCRC.pas"/>
        <DCCReference Include="..\Source\OverbyteIcsUtils.pas"/>
        <DCCReference Include="..\Source\OverbyteIcsCharsetUtils.pas"/>
        <DCCReference Include="..\Source\OverbyteIcsMultiProgressBar.pas"/>
        <DCCReference Include="..\Source\OverbyteIcsDigestAuth.pas"/>
        <DCCReference Include="..\Source\OverbyteIcsHttpAppServer.pas"/>
        <DCCReference Include="..\Source\OverbyteIcsTimeList.pas"/>
        <DCCReference Include="..\Source\OverbyteIcsWebSession.pas"/>
        <DCCReference Include="..\Source\OverbyteIcsCharsetComboBox.pas"/>
        <DCCReference Include="..\Source\OverbyteIcsThreadTimer.pas"/>
        <DCCReference Include="..\Source\OverbyteIcsWSocketTS.pas"/>
        <DCCReference Include="..\Source\OverbyteIcsCsc.pas"/>
        <DCCReference Include="..\Source\OverbyteIcsIconv.pas"/>
        <DCCReference Include="..\Source\OverbyteIcsMLang.pas"/>
        <DCCReference Include="..\Source\OverbyteIcsWinnls.pas"/>
        <DCCReference Include="..\Source\OverbyteIcsCookies.pas"/>
        <DCCReference Include="..\Source\OverbyteIcsHttpCCodZLib.pas"/>
        <DCCReference Include="..\Source\OverbyteIcsAsn1Utils.pas"/>
        <DCCReference Include="..\Source\OverbyteIcsFormDataDecoder.pas"/>
        <DCCReference Include="..\Source\OverbyteIcsSnmpCli.pas"/>
        <DCCReference Include="..\Source\OverbyteIcsSnmpMsgs.pas"/>
        <DCCReference Include="..\Source\OverbyteIcsSysLogClient.pas"/>
        <DCCReference Include="..\Source\OverbyteIcsSysLogDefs.pas"/>
        <DCCReference Include="..\Source\OverbyteIcsSysLogServer.pas"/>
        <DCCReference Include="..\Source\OverbyteIcsSmtpSrv.pas"/>
        <DCCReference Include="..\Source\OverbyteIcsSslX509Utils.pas"/>
        <DCCReference Include="..\Source\OverbyteIcsCryptUiApi.pas"/>
        <DCCReference Include="..\Source\OverbyteIcsMsSslUtils.pas"/>
        <DCCReference Include="..\Source\OverbyteIcsWinCrypt.pas"/>
        <DCCReference Include="..\Source\OverbyteIcsIniFiles.pas"/>
        <DCCReference Include="..\Source\OverbyteIcsProxy.pas"/>
        <DCCReference Include="..\Source\OverbyteIcsSslHttpRest.pas"/>
        <DCCReference Include="..\Source\OverbyteIcsSslJose.pas"/>
        <DCCReference Include="..\Source\OverbyteIcsSslX509Certs.pas"/>
        <DCCReference Include="..\Source\OverbyteIcsBlacklist.pas"/>
        <DCCReference Include="..\Source\OverbyteIcsIpStreamLog.pas"/>
        <DCCReference Include="..\Source\OverbyteIcsMailQueue.pas"/>
        <DCCReference Include="..\Source\OverbyteIcsSntp.pas"/>
        <DCCReference Include="..\Source\OverbyteIcsWhoisCli.pas"/>
        <DCCReference Include="..\Source\OverbyteIcsFileCopy.pas"/>
        <DCCReference Include="..\Source\OverbyteIcsHttpMulti.pas"/>
        <DCCReference Include="..\Source\OverbyteIcsFtpMulti.pas"/>
        <DCCReference Include="..\Source\OverbyteIcsSslHttpOAuth.pas"/>
        <BuildConfiguration Include="Debug">
            <Key>Cfg_Debug</Key>
            <CfgParent>Base</CfgParent>
        </BuildConfiguration>
        <BuildConfiguration Include="Base">
            <Key>Base</Key>
        </BuildConfiguration>
        <BuildConfiguration Include="Release">
            <Key>Cfg_Release</Key>
            <CfgParent>Base</CfgParent>
        </BuildConfiguration>
    </ItemGroup>
    <Import Condition="Exists('$(BDS)\Bin\CodeGear.Delphi.Targets')" Project="$(BDS)\Bin\CodeGear.Delphi.Targets"/>
    <ProjectExtensions>
        <Borland.Personality>Delphi.Personality.12</Borland.Personality>
        <Borland.ProjectType>Package</Borland.ProjectType>
        <BorlandProject>
            <Delphi.Personality>
                <Parameters/>
                <VersionInfo>
                    <VersionInfo Name="IncludeVerInfo">True</VersionInfo>
                    <VersionInfo Name="AutoIncBuild">False</VersionInfo>
                    <VersionInfo Name="MajorVer">1</VersionInfo>
                    <VersionInfo Name="MinorVer">0</VersionInfo>
                    <VersionInfo Name="Release">0</VersionInfo>
                    <VersionInfo Name="Build">0</VersionInfo>
                    <VersionInfo Name="Debug">False</VersionInfo>
                    <VersionInfo Name="PreRelease">False</VersionInfo>
                    <VersionInfo Name="Special">False</VersionInfo>
                    <VersionInfo Name="Private">False</VersionInfo>
                    <VersionInfo Name="DLL">False</VersionInfo>
                    <VersionInfo Name="Locale">1033</VersionInfo>
                    <VersionInfo Name="CodePage">1252</VersionInfo>
                </VersionInfo>
                <VersionInfoKeys>
                    <VersionInfoKeys Name="CompanyName"/>
                    <VersionInfoKeys Name="FileDescription"/>
                    <VersionInfoKeys Name="FileVersion">1.0.0.0</VersionInfoKeys>
                    <VersionInfoKeys Name="InternalName"/>
                    <VersionInfoKeys Name="LegalCopyright"/>
                    <VersionInfoKeys Name="LegalTrademarks"/>
                    <VersionInfoKeys Name="OriginalFilename"/>
                    <VersionInfoKeys Name="ProductName"/>
                    <VersionInfoKeys Name="ProductVersion">1.0.0.0</VersionInfoKeys>
                    <VersionInfoKeys Name="Comments"/>
                </VersionInfoKeys>
                <Source>
                    <Source Name="MainSource">OverbyteIcsD110Run.dpk</Source>
                </Source>
                <VersionControl>
                    <VersionControl Name="VersionControlID"/>
                </VersionControl>
                <Excluded_Packages>
                    <Excluded_Packages Name="$(BDSBIN)\bcboffice2k320.bpl">Embarcadero C++Builder Office 2000 Servers Package</Excluded_Packages>
                    <Excluded_Packages Name="$(BDSBIN)\bcbofficexp320.bpl">Embarcadero C++Builder Office XP Servers Package</Excluded_Packages>
                    <Excluded_Packages Name="$(BDSBIN)\dcloffice2k320.bpl">Microsoft Office 2000 Sample Automation Server Wrapper Components</Excluded_Packages>
                    <Excluded_Packages Name="$(BDSBIN)\dclofficexp320.bpl">Microsoft Office XP Sample Automation Server Wrapper Components</Excluded_Packages>
                </Excluded_Packages>
            </Delphi.Personality>
            <Platforms>
                <Platform value="Win32">True</Platform>
                <Platform value="Win64">True</Platform>
            </Platforms>
            <Deployment Version="3">
                <DeployFile LocalName="C:\Users\Public\Documents\Embarcadero\Studio\19.0\Bpl\OverbyteIcsD110Run.bpl" Configuration="Debug" Class="ProjectOutput"/>
                <DeployClass Name="AdditionalDebugSymbols">
                    <Platform Name="OSX32">
                        <Operation>1</Operation>
                    </Platform>
                    <Platform Name="Win32">
                        <Operation>0</Operation>
                    </Platform>
                </DeployClass>
                <DeployClass Name="AndroidClassesDexFile">
                    <Platform Name="Android">
                        <RemoteDir>classes</RemoteDir>
                        <Operation>1</Operation>
                    </Platform>
                </DeployClass>
                <DeployClass Name="AndroidFileProvider">
                    <Platform Name="Android">
                        <RemoteDir>res\xml</RemoteDir>
                        <Operation>1</Operation>
                    </Platform>
                </DeployClass>
                <DeployClass Name="AndroidGDBServer">
                    <Platform Name="Android">
                        <RemoteDir>library\lib\armeabi-v7a</RemoteDir>
                        <Operation>1</Operation>
                    </Platform>
                </DeployClass>
                <DeployClass Name="AndroidLibnativeArmeabiFile">
                    <Platform Name="Android">
                        <RemoteDir>library\lib\armeabi</RemoteDir>
                        <Operation>1</Operation>
                    </Platform>
                </DeployClass>
                <DeployClass Name="AndroidLibnativeMipsFile">
                    <Platform Name="Android">
                        <RemoteDir>library\lib\mips</RemoteDir>
                        <Operation>1</Operation>
                    </Platform>
                </DeployClass>
                <DeployClass Name="AndroidServiceOutput">
                    <Platform Name="Android">
                        <RemoteDir>library\lib\armeabi-v7a</RemoteDir>
                        <Operation>1</Operation>
                    </Platform>
                </DeployClass>
                <DeployClass Name="AndroidSplashImageDef">
                    <Platform Name="Android">
                        <RemoteDir>res\drawable</RemoteDir>
                        <Operation>1</Operation>
                    </Platform>
                </DeployClass>
                <DeployClass Name="AndroidSplashStyles">
                    <Platform Name="Android">
                        <RemoteDir>res\values</RemoteDir>
                        <Operation>1</Operation>
                    </Platform>
                </DeployClass>
                <DeployClass Name="AndroidSplashStylesV21">
                    <Platform Name="Android">
                        <RemoteDir>res\values-v21</RemoteDir>
                        <Operation>1</Operation>
                    </Platform>
                </DeployClass>
                <DeployClass Name="Android_DefaultAppIcon">
                    <Platform Name="Android">
                        <RemoteDir>res\drawable</RemoteDir>
                        <Operation>1</Operation>
                    </Platform>
                </DeployClass>
                <DeployClass Name="Android_LauncherIcon144">
                    <Platform Name="Android">
                        <RemoteDir>res\drawable-xxhdpi</RemoteDir>
                        <Operation>1</Operation>
                    </Platform>
                </DeployClass>
                <DeployClass Name="Android_LauncherIcon36">
                    <Platform Name="Android">
                        <RemoteDir>res\drawable-ldpi</RemoteDir>
                        <Operation>1</Operation>
                    </Platform>
                </DeployClass>
                <DeployClass Name="Android_LauncherIcon48">
                    <Platform Name="Android">
                        <RemoteDir>res\drawable-mdpi</RemoteDir>
                        <Operation>1</Operation>
                    </Platform>
                </DeployClass>
                <DeployClass Name="Android_LauncherIcon72">
                    <Platform Name="Android">
                        <RemoteDir>res\drawable-hdpi</RemoteDir>
                        <Operation>1</Operation>
                    </Platform>
                </DeployClass>
                <DeployClass Name="Android_LauncherIcon96">
                    <Platform Name="Android">
                        <RemoteDir>res\drawable-xhdpi</RemoteDir>
                        <Operation>1</Operation>
                    </Platform>
                </DeployClass>
                <DeployClass Name="Android_SplashImage426">
                    <Platform Name="Android">
                        <RemoteDir>res\drawable-small</RemoteDir>
                        <Operation>1</Operation>
                    </Platform>
                </DeployClass>
                <DeployClass Name="Android_SplashImage470">
                    <Platform Name="Android">
                        <RemoteDir>res\drawable-normal</RemoteDir>
                        <Operation>1</Operation>
                    </Platform>
                </DeployClass>
                <DeployClass Name="Android_SplashImage640">
                    <Platform Name="Android">
                        <RemoteDir>res\drawable-large</RemoteDir>
                        <Operation>1</Operation>
                    </Platform>
                </DeployClass>
                <DeployClass Name="Android_SplashImage960">
                    <Platform Name="Android">
                        <RemoteDir>res\drawable-xlarge</RemoteDir>
                        <Operation>1</Operation>
                    </Platform>
                </DeployClass>
                <DeployClass Name="DebugSymbols">
                    <Platform Name="iOSSimulator">
                        <Operation>1</Operation>
                    </Platform>
                    <Platform Name="OSX32">
                        <Operation>1</Operation>
                    </Platform>
                    <Platform Name="Win32">
                        <Operation>0</Operation>
                    </Platform>
                </DeployClass>
                <DeployClass Name="DependencyFramework">
                    <Platform Name="OSX32">
                        <Operation>1</Operation>
                        <Extensions>.framework</Extensions>
                    </Platform>
                    <Platform Name="OSX64">
                        <Operation>1</Operation>
                        <Extensions>.framework</Extensions>
                    </Platform>
                    <Platform Name="Win32">
                        <Operation>0</Operation>
                    </Platform>
                </DeployClass>
                <DeployClass Name="DependencyModule">
                    <Platform Name="OSX32">
                        <Operation>1</Operation>
                        <Extensions>.dylib</Extensions>
                    </Platform>
                    <Platform Name="OSX64">
                        <Operation>1</Operation>
                        <Extensions>.dylib</Extensions>
                    </Platform>
                    <Platform Name="Win32">
                        <Operation>0</Operation>
                        <Extensions>.dll;.bpl</Extensions>
                    </Platform>
                </DeployClass>
                <DeployClass Required="true" Name="DependencyPackage">
                    <Platform Name="iOSDevice32">
                        <Operation>1</Operation>
                        <Extensions>.dylib</Extensions>
                    </Platform>
                    <Platform Name="iOSDevice64">
                        <Operation>1</Operation>
                        <Extensions>.dylib</Extensions>
                    </Platform>
                    <Platform Name="iOSSimulator">
                        <Operation>1</Operation>
                        <Extensions>.dylib</Extensions>
                    </Platform>
                    <Platform Name="OSX32">
                        <Operation>1</Operation>
                        <Extensions>.dylib</Extensions>
                    </Platform>
                    <Platform Name="OSX64">
                        <Operation>1</Operation>
                        <Extensions>.dylib</Extensions>
                    </Platform>
                    <Platform Name="Win32">
                        <Operation>0</Operation>
                        <Extensions>.bpl</Extensions>
                    </Platform>
                </DeployClass>
                <DeployClass Name="File">
                    <Platform Name="Android">
                        <Operation>0</Operation>
                    </Platform>
                    <Platform Name="iOSDevice32">
                        <Operation>0</Operation>
                    </Platform>
                    <Platform Name="iOSDevice64">
                        <Operation>0</Operation>
                    </Platform>
                    <Platform Name="iOSSimulator">
                        <Operation>0</Operation>
                    </Platform>
                    <Platform Name="OSX32">
                        <Operation>0</Operation>
                    </Platform>
                    <Platform Name="OSX64">
                        <Operation>0</Operation>
                    </Platform>
                    <Platform Name="Win32">
                        <Operation>0</Operation>
                    </Platform>
                </DeployClass>
                <DeployClass Name="iPad_Launch1024">
                    <Platform Name="iOSDevice32">
                        <Operation>1</Operation>
                    </Platform>
                    <Platform Name="iOSDevice64">
                        <Operation>1</Operation>
                    </Platform>
                    <Platform Name="iOSSimulator">
                        <Operation>1</Operation>
                    </Platform>
                </DeployClass>
                <DeployClass Name="iPad_Launch1536">
                    <Platform Name="iOSDevice32">
                        <Operation>1</Operation>
                    </Platform>
                    <Platform Name="iOSDevice64">
                        <Operation>1</Operation>
                    </Platform>
                    <Platform Name="iOSSimulator">
                        <Operation>1</Operation>
                    </Platform>
                </DeployClass>
                <DeployClass Name="iPad_Launch2048">
                    <Platform Name="iOSDevice32">
                        <Operation>1</Operation>
                    </Platform>
                    <Platform Name="iOSDevice64">
                        <Operation>1</Operation>
                    </Platform>
                    <Platform Name="iOSSimulator">
                        <Operation>1</Operation>
                    </Platform>
                </DeployClass>
                <DeployClass Name="iPad_Launch768">
                    <Platform Name="iOSDevice32">
                        <Operation>1</Operation>
                    </Platform>
                    <Platform Name="iOSDevice64">
                        <Operation>1</Operation>
                    </Platform>
                    <Platform Name="iOSSimulator">
                        <Operation>1</Operation>
                    </Platform>
                </DeployClass>
                <DeployClass Name="iPhone_Launch320">
                    <Platform Name="iOSDevice32">
                        <Operation>1</Operation>
                    </Platform>
                    <Platform Name="iOSDevice64">
                        <Operation>1</Operation>
                    </Platform>
                    <Platform Name="iOSSimulator">
                        <Operation>1</Operation>
                    </Platform>
                </DeployClass>
                <DeployClass Name="iPhone_Launch640">
                    <Platform Name="iOSDevice32">
                        <Operation>1</Operation>
                    </Platform>
                    <Platform Name="iOSDevice64">
                        <Operation>1</Operation>
                    </Platform>
                    <Platform Name="iOSSimulator">
                        <Operation>1</Operation>
                    </Platform>
                </DeployClass>
                <DeployClass Name="iPhone_Launch640x1136">
                    <Platform Name="iOSDevice32">
                        <Operation>1</Operation>
                    </Platform>
                    <Platform Name="iOSDevice64">
                        <Operation>1</Operation>
                    </Platform>
                    <Platform Name="iOSSimulator">
                        <Operation>1</Operation>
                    </Platform>
                </DeployClass>
                <DeployClass Name="ProjectAndroidManifest">
                    <Platform Name="Android">
                        <Operation>1</Operation>
                    </Platform>
                </DeployClass>
                <DeployClass Name="ProjectiOSDeviceDebug">
                    <Platform Name="iOSDevice32">
                        <RemoteDir>..\$(PROJECTNAME).app.dSYM\Contents\Resources\DWARF</RemoteDir>
                        <Operation>1</Operation>
                    </Platform>
                    <Platform Name="iOSDevice64">
                        <RemoteDir>..\$(PROJECTNAME).app.dSYM\Contents\Resources\DWARF</RemoteDir>
                        <Operation>1</Operation>
                    </Platform>
                </DeployClass>
                <DeployClass Name="ProjectiOSDeviceResourceRules"/>
                <DeployClass Name="ProjectiOSEntitlements"/>
                <DeployClass Name="ProjectiOSInfoPList"/>
                <DeployClass Name="ProjectiOSResource">
                    <Platform Name="iOSDevice32">
                        <Operation>1</Operation>
                    </Platform>
                    <Platform Name="iOSDevice64">
                        <Operation>1</Operation>
                    </Platform>
                    <Platform Name="iOSSimulator">
                        <Operation>1</Operation>
                    </Platform>
                </DeployClass>
                <DeployClass Name="ProjectOSXDebug"/>
                <DeployClass Name="ProjectOSXEntitlements"/>
                <DeployClass Name="ProjectOSXInfoPList"/>
                <DeployClass Name="ProjectOSXResource">
                    <Platform Name="OSX32">
                        <RemoteDir>Contents\Resources</RemoteDir>
                        <Operation>1</Operation>
                    </Platform>
                    <Platform Name="OSX64">
                        <RemoteDir>Contents\Resources</RemoteDir>
                        <Operation>1</Operation>
                    </Platform>
                </DeployClass>
                <DeployClass Required="true" Name="ProjectOutput">
                    <Platform Name="Android">
                        <RemoteDir>library\lib\armeabi-v7a</RemoteDir>
                        <Operation>1</Operation>
                    </Platform>
                    <Platform Name="iOSDevice32">
                        <Operation>1</Operation>
                    </Platform>
                    <Platform Name="iOSDevice64">
                        <Operation>1</Operation>
                    </Platform>
                    <Platform Name="iOSSimulator">
                        <Operation>1</Operation>
                    </Platform>
                    <Platform Name="Linux64">
                        <Operation>1</Operation>
                    </Platform>
                    <Platform Name="OSX32">
                        <Operation>1</Operation>
                    </Platform>
                    <Platform Name="OSX64">
                        <Operation>1</Operation>
                    </Platform>
                    <Platform Name="Win32">
                        <Operation>0</Operation>
                    </Platform>
                </DeployClass>
                <DeployClass Name="ProjectUWPManifest">
                    <Platform Name="Win32">
                        <Operation>1</Operation>
                    </Platform>
                    <Platform Name="Win64">
                        <Operation>1</Operation>
                    </Platform>
                </DeployClass>
                <DeployClass Name="UWP_DelphiLogo150">
                    <Platform Name="Win32">
                        <RemoteDir>Assets</RemoteDir>
                        <Operation>1</Operation>
                    </Platform>
                    <Platform Name="Win64">
                        <RemoteDir>Assets</RemoteDir>
                        <Operation>1</Operation>
                    </Platform>
                </DeployClass>
                <DeployClass Name="UWP_DelphiLogo44">
                    <Platform Name="Win32">
                        <RemoteDir>Assets</RemoteDir>
                        <Operation>1</Operation>
                    </Platform>
                    <Platform Name="Win64">
                        <RemoteDir>Assets</RemoteDir>
                        <Operation>1</Operation>
                    </Platform>
                </DeployClass>
                <ProjectRoot Platform="iOSDevice64" Name="$(PROJECTNAME).app"/>
                <ProjectRoot Platform="Win64" Name="$(PROJECTNAME)"/>
                <ProjectRoot Platform="iOSDevice32" Name="$(PROJECTNAME).app"/>
                <ProjectRoot Platform="Win32" Name="$(PROJECTNAME)"/>
                <ProjectRoot Platform="Linux64" Name="$(PROJECTNAME)"/>
                <ProjectRoot Platform="OSX32" Name="$(PROJECTNAME)"/>
                <ProjectRoot Platform="Android" Name="$(PROJECTNAME)"/>
                <ProjectRoot Platform="OSX64" Name="$(PROJECTNAME)"/>
                <ProjectRoot Platform="iOSSimulator" Name="$(PROJECTNAME).app"/>
            </Deployment>
        </BorlandProject>
        <ProjectFileVersion>12</ProjectFileVersion>
    </ProjectExtensions>
    <Import Condition="Exists('$(APPDATA)\Embarcadero\$(BDSAPPDATABASEDIR)\$(PRODUCTVERSION)\UserTools.proj')" Project="$(APPDATA)\Embarcadero\$(BDSAPPDATABASEDIR)\$(PRODUCTVERSION)\UserTools.proj"/>
    <Import Project="$(MSBuildProjectName).deployproj" Condition="Exists('$(MSBuildProjectName).deployproj')"/>
    <PropertyGroup Condition="'$(Config)'=='Release' And '$(Platform)'=='Win32'">
        <PreBuildEvent/>
        <PreBuildEventIgnoreExitCode>False</PreBuildEventIgnoreExitCode>
        <PreLinkEvent/>
        <PreLinkEventIgnoreExitCode>False</PreLinkEventIgnoreExitCode>
        <PostBuildEvent>copy ..\Source\OverbyteIcsTnOptFrm.dfm ..\Lib\Release\Win32\D110\OverbyteIcsTnOptFrm.dfm</PostBuildEvent>
        <PostBuildEventIgnoreExitCode>False</PostBuildEventIgnoreExitCode>
    </PropertyGroup>
    <PropertyGroup Condition="'$(Config)'=='Release' And '$(Platform)'=='Win64'">
        <PreBuildEvent/>
        <PreBuildEventIgnoreExitCode>False</PreBuildEventIgnoreExitCode>
        <PreLinkEvent/>
        <PreLinkEventIgnoreExitCode>False</PreLinkEventIgnoreExitCode>
        <PostBuildEvent>copy ..\Source\OverbyteIcsTnOptFrm.dfm ..\Lib\Release\Win64\D110\OverbyteIcsTnOptFrm.dfm</PostBuildEvent>
        <PostBuildEventIgnoreExitCode>False</PostBuildEventIgnoreExitCode>
    </PropertyGroup>
    <PropertyGroup Condition="'$(Config)'=='Debug' And '$(Platform)'=='Win32'">
        <PreBuildEvent/>
        <PreBuildEventIgnoreExitCode>False</PreBuildEventIgnoreExitCode>
        <PreLinkEvent/>
        <PreLinkEventIgnoreExitCode>False</PreLinkEventIgnoreExitCode>
        <PostBuildEvent>copy ..\Source\OverbyteIcsTnOptFrm.dfm ..\Lib\Debug\Win32\D110\OverbyteIcsTnOptFrm.dfm</PostBuildEvent>
        <PostBuildEventIgnoreExitCode>False</PostBuildEventIgnoreExitCode>
    </PropertyGroup>
    <PropertyGroup Condition="'$(Config)'=='Debug' And '$(Platform)'=='Win64'">
        <PreBuildEvent/>
        <PreBuildEventIgnoreExitCode>False</PreBuildEventIgnoreExitCode>
        <PreLinkEvent/>
        <PreLinkEventIgnoreExitCode>False</PreLinkEventIgnoreExitCode>
        <PostBuildEvent>copy ..\Source\OverbyteIcsTnOptFrm.dfm ..\Lib\Debug\Win64\D110\OverbyteIcsTnOptFrm.dfm</PostBuildEvent>
        <PostBuildEventIgnoreExitCode>False</PostBuildEventIgnoreExitCode>
    </PropertyGroup>
</Project>
