    <Project xmlns="http://schemas.microsoft.com/developer/msbuild/2003">
        <PropertyGroup>
            <ProjectGuid>{5688E602-527D-4757-AF39-4703194FE6DD}</ProjectGuid>
            <MainSource>OverbyteIcsD2009Run.dpk</MainSource>
            <Configuration Condition=" '$(Configuration)' == '' ">Debug</Configuration>
            <Platform Condition=" '$(Platform)' == '' ">AnyCPU</Platform>
            <DCC_DCCCompiler>DCC32</DCC_DCCCompiler>
            <DCC_DependencyCheckOutputName>C:\Documents and Settings\All Users\Documents\RAD Studio\6.0\Bpl\OverbyteIcsD2009Run.bpl</DCC_DependencyCheckOutputName>
            <ProjectVersion>11.1</ProjectVersion>
            <Config Condition="'$(Config)'==''">Debug</Config>
        </PropertyGroup>
        <PropertyGroup Condition="'$(Config)'=='Base' or '$(Base)'!=''">
            <Base>true</Base>
        </PropertyGroup>
        <PropertyGroup Condition="'$(Config)'=='Release' or '$(Cfg_Release)'!=''">
            <Cfg_Release>true</Cfg_Release>
            <CfgParent>Base</CfgParent>
            <Base>true</Base>
        </PropertyGroup>
        <PropertyGroup Condition="'$(Config)'=='Debug' or '$(Cfg_Debug)'!=''">
            <Cfg_Debug>true</Cfg_Debug>
            <CfgParent>Base</CfgParent>
            <Base>true</Base>
        </PropertyGroup>
        <PropertyGroup Condition="'$(Base)'!=''">
            <DCC_AssertionsAtRuntime>false</DCC_AssertionsAtRuntime>
            <DCC_DebugInformation>false</DCC_DebugInformation>
            <DCC_LocalDebugSymbols>false</DCC_LocalDebugSymbols>
            <DCC_UnitSearchPath>..\Source\Include;$(DCC_UnitSearchPath)</DCC_UnitSearchPath>
            <DCC_OutputNeverBuildDcps>true</DCC_OutputNeverBuildDcps>
            <DCC_Define>USE_SSL;$(DCC_Define)</DCC_Define>
            <RuntimeOnlyPackage>true</RuntimeOnlyPackage>
            <DCC_SymbolReferenceInfo>0</DCC_SymbolReferenceInfo>
            <DCC_Description>Overbyte ICS Run-Time Package Delphi 2009</DCC_Description>
            <DCC_DependencyCheckOutputName>C:\Users\Public\Documents\RAD Studio\6.0\Bpl\OverbyteIcsD2009Run.bpl</DCC_DependencyCheckOutputName>
            <GenDll>true</GenDll>
            <GenPackage>true</GenPackage>
            <DCC_ImageBase>00400000</DCC_ImageBase>
            <DesignOnlyPackage>false</DesignOnlyPackage>
        </PropertyGroup>
        <PropertyGroup Condition="'$(Cfg_Release)'!=''">
            <DCC_AssertionsAtRuntime>false</DCC_AssertionsAtRuntime>
            <DCC_DcuOutput>..\Lib\Release\Win32\D2009</DCC_DcuOutput>
            <Version>7.0</Version>
            <DCC_DebugInformation>False</DCC_DebugInformation>
            <DCC_LocalDebugSymbols>False</DCC_LocalDebugSymbols>
            <DCC_Optimize>true</DCC_Optimize>
            <DCC_SymbolReferenceInfo>0</DCC_SymbolReferenceInfo>
            <DCC_Define>RELEASE;USE_SSL</DCC_Define>
        </PropertyGroup>
        <PropertyGroup Condition="'$(Cfg_Debug)'!=''">
            <DCC_DebugInformation>true</DCC_DebugInformation>
            <DCC_LocalDebugSymbols>true</DCC_LocalDebugSymbols>
            <DCC_AssertionsAtRuntime>true</DCC_AssertionsAtRuntime>
            <DCC_GenerateStackFrames>true</DCC_GenerateStackFrames>
            <DCC_DcuOutput>..\Lib\Debug\Win32\D2009</DCC_DcuOutput>
            <DCC_SymbolReferenceInfo>1</DCC_SymbolReferenceInfo>
            <Version>7.0</Version>
            <DCC_Optimize>False</DCC_Optimize>
            <DCC_Define>DEBUG;USE_SSL</DCC_Define>
            <DCC_ResourcePath>..\Vc32</DCC_ResourcePath>
            <DCC_ObjPath>..\Vc32</DCC_ObjPath>
            <DCC_IncludePath>..\Vc32</DCC_IncludePath>
        </PropertyGroup>
        <ItemGroup>
            <DelphiCompile Include="OverbyteIcsD2009Run.dpk">
                <MainSource>MainSource</MainSource>
            </DelphiCompile>
            <DCCReference Include="..\Source\OverbyteIcsHttpSrv.dcr"/>
            <DCCReference Include="..\Source\OverbyteIcsFtpSrv.dcr"/>
            <DCCReference Include="..\Source\OverbyteIcsNntpCli.dcr"/>
            <DCCReference Include="..\Source\OverbyteIcsWSocket.dcr"/>
            <DCCReference Include="..\Source\OverbyteIcsFtpCli.dcr"/>
            <DCCReference Include="..\Source\OverbyteIcsHttpProt.dcr"/>
            <DCCReference Include="..\Source\OverbyteIcsWSocketS.dcr"/>
            <DCCReference Include="..\Source\OverbyteIcsSmtpProt.dcr"/>
            <DCCReference Include="..\Source\OverbyteIcsPop3Prot.dcr"/>
            <DCCReference Include="..\Source\OverbyteIcsTnCnx.dcr"/>
            <DCCReference Include="..\Source\OverbyteIcsEmulVT.dcr"/>
            <DCCReference Include="..\Source\OverbyteIcsTnEmulVT.dcr"/>
            <DCCReference Include="..\Source\OverbyteIcsPing.dcr"/>
            <DCCReference Include="..\Source\OverbyteIcsDnsQuery.dcr"/>
            <DCCReference Include="..\Source\OverbyteIcsTnScript.dcr"/>
            <DCCReference Include="..\Source\OverbyteIcsFingCli.dcr"/>
            <DCCReference Include="..\Source\OverbyteIcsLogger.dcr"/>
            <DCCReference Include="..\Source\OverbyteIcsMimeDec.dcr"/>
            <DCCReference Include="..\Source\OverbyteIcsMultipartFtpDownloader.dcr"/>
            <DCCReference Include="..\Source\OverbyteIcsMultipartHttpDownloader.dcr"/>
            <DCCReference Include="..\Source\OverbyteIcsMultiProgressBar.dcr"/>
            <DCCReference Include="..\Source\OverbyteIcsSslSessionCache.dcr"/>
            <DCCReference Include="..\Source\OverbyteIcsHttpAppServer.dcr"/>
            <DCCReference Include="..\Source\OverbyteIcsTimeList.dcr"/>
            <DCCReference Include="..\Source\OverbyteIcsCharsetComboBox.dcr"/>
            <DCCReference Include="..\Source\OverbyteIcsWSocketTS.dcr"/>
            <DCCReference Include="..\Source\OverbyteIcsMimeUtils.dcr"/>
            <DCCReference Include="..\Source\OverbyteIcsCookies.dcr"/>
            <DCCReference Include="..\source\OverbyteIcsSnmpCli.dcr"/>
            <DCCReference Include="..\source\OverbyteIcsSysLogClient.dcr"/>
            <DCCReference Include="..\source\OverbyteIcsSysLogServer.dcr"/>
            <DCCReference Include="..\Source\OverbyteIcsSmtpSrv.dcr"/>
            <DCCReference Include="..\Source\OverbyteIcsProxy.dcr"/>
            <DCCReference Include="..\Source\OverbyteIcsSslHttpRest.dcr"/>
            <DCCReference Include="..\Source\OverbyteIcsSslX509Certs.dcr"/>
        <DCCReference Include="..\source\OverbyteIcsBlacklist.dcr"/>
        <DCCReference Include="..\source\OverbyteIcsIpStreamLog.dcr"/>
        <DCCReference Include="..\source\OverbyteIcsMailQueue.dcr"/>
        <DCCReference Include="..\source\OverbyteIcsSntp.dcr"/>
        <DCCReference Include="..\source\OverbyteIcsWhoisCli.dcr"/>
        <DCCReference Include="..\source\OverbyteIcsFileCopy.dcr"/>
        <DCCReference Include="..\source\OverbyteIcsHttpMulti.dcr"/>
        <DCCReference Include="..\source\OverbyteIcsFtpMulti.dcr"/>
            <DCCReference Include="rtl.dcp"/>
            <DCCReference Include="vcl.dcp"/>
            <DCCReference Include="..\Source\OverbyteIcsTypes.pas"/>
            <DCCReference Include="..\Source\OverbyteIcsWinsock.pas"/>
            <DCCReference Include="..\Source\OverbyteIcsWndControl.pas"/>
            <DCCReference Include="..\Source\OverbyteIcsWSockBuf.pas"/>
            <DCCReference Include="..\Source\OverByteIcsFtpSrvT.pas"/>
            <DCCReference Include="..\Source\OverbyteIcsWSocket.pas"/>
            <DCCReference Include="..\Source\OverbyteIcsFtpCli.pas"/>
            <DCCReference Include="..\Source\OverbyteIcsFtpSrv.pas"/>
            <DCCReference Include="..\Source\OverbyteIcsHttpProt.pas"/>
            <DCCReference Include="..\Source\OverbyteIcsWSocketS.pas"/>
            <DCCReference Include="..\Source\OverbyteIcsSmtpProt.pas"/>
            <DCCReference Include="..\Source\OverbyteIcsPop3Prot.pas"/>
            <DCCReference Include="..\Source\OverbyteIcsNntpCli.pas"/>
            <DCCReference Include="..\Source\OverbyteIcsTnCnx.pas"/>
            <DCCReference Include="..\Source\OverbyteIcsEmulVT.pas"/>
            <DCCReference Include="..\Source\OverbyteIcsTnEmulVT.pas"/>
            <DCCReference Include="..\Source\OverbyteIcsTnOptFrm.pas">
                <Form>OptForm</Form>
            </DCCReference>
            <DCCReference Include="..\Source\OverbyteIcsPing.pas"/>
            <DCCReference Include="..\Source\OverbyteIcsDnsQuery.pas"/>
            <DCCReference Include="..\Source\OverbyteIcsTnScript.pas"/>
            <DCCReference Include="..\Source\OverbyteIcsFingCli.pas"/>
            <DCCReference Include="..\Source\OverbyteIcsLogger.pas"/>
            <DCCReference Include="..\Source\OverbyteIcsMD4.pas"/>
            <DCCReference Include="..\Source\OverbyteIcsMD5.pas"/>
            <DCCReference Include="..\Source\OverbyteIcsMimeUtils.pas"/>
            <DCCReference Include="..\Source\OverbyteIcsSha1.pas"/>
            <DCCReference Include="..\Source\OverbyteIcsUrl.pas"/>
            <DCCReference Include="..\Source\OverbyteIcsZlibHigh.pas"/>
            <DCCReference Include="..\Source\OverbyteIcsZLibObj.pas"/>
            <DCCReference Include="..\Source\OverbyteIcsDES.pas"/>
            <DCCReference Include="..\Source\OverbyteIcsHttpContCod.pas"/>
            <DCCReference Include="..\Source\OverbyteIcsIcmp.pas"/>
            <DCCReference Include="..\Source\OverbyteIcsNtlmMsgs.pas"/>
            <DCCReference Include="..\Source\OverbyteIcsStreams.pas"/>
            <DCCReference Include="..\Source\OverbyteIcsLIBEAY.pas"/>
            <DCCReference Include="..\Source\OverbyteIcsSSLEAY.pas"/>
            <DCCReference Include="..\Source\OverbyteIcsAvlTrees.pas"/>
            <DCCReference Include="..\Source\OverbyteIcsSslSessionCache.pas"/>
            <DCCReference Include="..\Source\OverbyteIcsHttpSrv.pas"/>
            <DCCReference Include="..\Source\OverbyteIcsSspi.pas"/>
            <DCCReference Include="..\Source\OverbyteIcsNtlmSsp.pas"/>
            <DCCReference Include="..\Source\OverbyteIcsSocketUtils.pas"/>
            <DCCReference Include="..\Source\OverbyteIcsMimeDec.pas"/>
            <DCCReference Include="..\Source\OverbyteIcsMultipartFtpDownloader.pas"/>
            <DCCReference Include="..\Source\OverbyteIcsMultipartHttpDownloader.pas"/>
            <DCCReference Include="..\Source\OverbyteIcsOneTimePw.pas"/>
            <DCCReference Include="..\Source\OverbyteIcsCRC.pas"/>
            <DCCReference Include="..\Source\OverbyteIcsUtils.pas"/>
            <DCCReference Include="..\Source\OverbyteIcsCharsetUtils.pas"/>
            <DCCReference Include="..\Source\OverbyteIcsMultiProgressBar.pas"/>
            <DCCReference Include="..\Source\OverbyteIcsDigestAuth.pas"/>
            <DCCReference Include="..\Source\OverbyteIcsHttpAppServer.pas"/>
            <DCCReference Include="..\Source\OverbyteIcsTimeList.pas"/>
            <DCCReference Include="..\Source\OverbyteIcsWebSession.pas"/>
            <DCCReference Include="..\Source\OverbyteIcsCharsetComboBox.pas"/>
            <DCCReference Include="..\Source\OverbyteIcsThreadTimer.pas"/>
            <DCCReference Include="..\Source\OverbyteIcsWSocketTS.pas"/>
            <DCCReference Include="..\Source\OverbyteIcsMLang.pas"/>
            <DCCReference Include="..\Source\OverbyteIcsCsc.pas"/>
            <DCCReference Include="..\Source\OverbyteIcsIconv.pas"/>
            <DCCReference Include="..\Source\OverbyteIcsWinnls.pas"/>
            <DCCReference Include="..\Source\OverbyteIcsCookies.pas"/>
            <DCCReference Include="..\Source\OverbyteIcsHttpCCodZLib.pas"/>
            <DCCReference Include="..\Source\OverbyteIcsAsn1Utils.pas"/>
            <DCCReference Include="..\Source\OverbyteIcsFormDataDecoder.pas"/>
            <DCCReference Include="..\Source\OverbyteIcsSnmpCli.pas"/>
            <DCCReference Include="..\Source\OverbyteIcsSnmpMsgs.pas"/>
            <DCCReference Include="..\Source\OverbyteIcsSysLogClient.pas"/>
            <DCCReference Include="..\Source\OverbyteIcsSysLogDefs.pas"/>
            <DCCReference Include="..\Source\OverbyteIcsSysLogServer.pas"/>
            <DCCReference Include="..\Source\OverbyteIcsTicks64.pas"/>
            <DCCReference Include="..\Source\OverbyteIcsHttpSrv.dcr"/>
            <DCCReference Include="..\Source\OverbyteIcsFtpSrv.dcr"/>
            <DCCReference Include="..\Source\OverbyteIcsNntpCli.dcr"/>
            <DCCReference Include="..\Source\OverbyteIcsWSocket.dcr"/>
            <DCCReference Include="..\Source\OverbyteIcsFtpCli.dcr"/>
            <DCCReference Include="..\Source\OverbyteIcsHttpProt.dcr"/>
            <DCCReference Include="..\Source\OverbyteIcsWSocketS.dcr"/>
            <DCCReference Include="..\Source\OverbyteIcsSmtpProt.dcr"/>
            <DCCReference Include="..\Source\OverbyteIcsPop3Prot.dcr"/>
            <DCCReference Include="..\Source\OverbyteIcsTnCnx.dcr"/>
            <DCCReference Include="..\Source\OverbyteIcsEmulVT.dcr"/>
            <DCCReference Include="..\Source\OverbyteIcsTnEmulVT.dcr"/>
            <DCCReference Include="..\Source\OverbyteIcsPing.dcr"/>
            <DCCReference Include="..\Source\OverbyteIcsDnsQuery.dcr"/>
            <DCCReference Include="..\Source\OverbyteIcsTnScript.dcr"/>
            <DCCReference Include="..\Source\OverbyteIcsFingCli.dcr"/>
            <DCCReference Include="..\Source\OverbyteIcsLogger.dcr"/>
            <DCCReference Include="..\Source\OverbyteIcsMimeDec.dcr"/>
            <DCCReference Include="..\Source\OverbyteIcsMultipartFtpDownloader.dcr"/>
            <DCCReference Include="..\Source\OverbyteIcsMultipartHttpDownloader.dcr"/>
            <DCCReference Include="..\Source\OverbyteIcsMultiProgressBar.dcr"/>
            <DCCReference Include="..\Source\OverbyteIcsSslSessionCache.dcr"/>
            <DCCReference Include="..\Source\OverbyteIcsHttpAppServer.dcr"/>
            <DCCReference Include="..\Source\OverbyteIcsTimeList.dcr"/>
            <DCCReference Include="..\Source\OverbyteIcsCharsetComboBox.dcr"/>
            <DCCReference Include="..\Source\OverbyteIcsWSocketTS.dcr"/>
            <DCCReference Include="..\Source\OverbyteIcsMimeUtils.dcr"/>
            <DCCReference Include="..\Source\OverbyteIcsCookies.dcr"/>
            <DCCReference Include="..\source\OverbyteIcsSnmpCli.dcr"/>
            <DCCReference Include="..\source\OverbyteIcsSysLogClient.dcr"/>
            <DCCReference Include="..\source\OverbyteIcsSysLogServer.dcr"/>
            <DCCReference Include="..\Source\OverbyteIcsSmtpSrv.pas"/>
            <DCCReference Include="..\Source\OverbyteIcsCryptUiApi.pas" />
            <DCCReference Include="..\Source\OverbyteIcsIniFiles.pas" />
            <DCCReference Include="..\Source\OverbyteIcsMsSslUtils.pas" />
            <DCCReference Include="..\Source\OverbyteIcsSslX509Utils.pas" />
            <DCCReference Include="..\Source\OverbyteIcsWinCrypt.pas" />
            <DCCReference Include="..\Source\OverbyteIcsProxy.pas"/>
            <DCCReference Include="..\Source\OverbyteIcsSslHttpRest.pas"/>
            <DCCReference Include="..\Source\OverbyteIcsSslJose.pas"/>
            <DCCReference Include="..\Source\OverbyteIcsSslX509Certs.pas"/>
        <DCCReference Include="..\Source\OverbyteIcsBlacklist.pas"/>
        <DCCReference Include="..\Source\OverbyteIcsIpStreamLog.pas"/>
        <DCCReference Include="..\Source\OverbyteIcsMailQueue.pas"/>
        <DCCReference Include="..\Source\OverbyteIcsSntp.pas"/>
        <DCCReference Include="..\Source\OverbyteIcsWhoisCli.pas"/>
        <DCCReference Include="..\Source\OverbyteIcsFileCopy.pas"/>
        <DCCReference Include="..\Source\OverbyteIcsHttpMulti.pas"/>
        <DCCReference Include="..\Source\OverbyteIcsFtpMulti.pas"/>
        <DCCReference Include="..\Source\OverbyteIcsSslHttpOAuth.pas"/>
            <BuildConfiguration Include="Base">
                <Key>Base</Key>
            </BuildConfiguration>
            <BuildConfiguration Include="Release">
                <Key>Cfg_Release</Key>
                <CfgParent>Base</CfgParent>
            </BuildConfiguration>
            <BuildConfiguration Include="Debug">
                <Key>Cfg_Debug</Key>
                <CfgParent>Base</CfgParent>
            </BuildConfiguration>
        </ItemGroup>
        <Import Project="$(BDS)\Bin\CodeGear.Delphi.Targets" Condition="Exists('$(BDS)\Bin\CodeGear.Delphi.Targets')"/>
        <PropertyGroup>
            <PostBuildEvent><![CDATA[cd ..
if not exist Lib\Debug\Win32\D2009 mkdir Lib\Debug\Win32\D2009
if not exist Lib\Release\Win32\D2009 mkdir Lib\Release\Win32\D2009
copy Source\OverbyteIcsTnOptFrm.dfm Lib\Debug\Win32\D2009\OverbyteIcsTnOptFrm.dfm
copy Source\OverbyteIcsTnOptFrm.dfm Lib\Release\Win32\D2009\OverbyteIcsTnOptFrm.dfm]]></PostBuildEvent>
        </PropertyGroup>
        <ProjectExtensions>
            <Borland.Personality>Delphi.Personality.12</Borland.Personality>
            <Borland.ProjectType>Package</Borland.ProjectType>
            <BorlandProject>
                <Delphi.Personality>
                    <Parameters>
                        <Parameters Name="UseLauncher">False</Parameters>
                        <Parameters Name="LoadAllSymbols">True</Parameters>
                        <Parameters Name="LoadUnspecifiedSymbols">False</Parameters>
                    </Parameters>
                    <VersionInfo>
                        <VersionInfo Name="IncludeVerInfo">True</VersionInfo>
                        <VersionInfo Name="AutoIncBuild">False</VersionInfo>
                        <VersionInfo Name="MajorVer">1</VersionInfo>
                        <VersionInfo Name="MinorVer">0</VersionInfo>
                        <VersionInfo Name="Release">0</VersionInfo>
                        <VersionInfo Name="Build">0</VersionInfo>
                        <VersionInfo Name="Debug">False</VersionInfo>
                        <VersionInfo Name="PreRelease">False</VersionInfo>
                        <VersionInfo Name="Special">False</VersionInfo>
                        <VersionInfo Name="Private">False</VersionInfo>
                        <VersionInfo Name="DLL">False</VersionInfo>
                        <VersionInfo Name="Locale">1033</VersionInfo>
                        <VersionInfo Name="CodePage">1252</VersionInfo>
                    </VersionInfo>
                    <VersionInfoKeys>
                        <VersionInfoKeys Name="CompanyName"/>
                        <VersionInfoKeys Name="FileDescription"/>
                        <VersionInfoKeys Name="FileVersion">1.0.0.0</VersionInfoKeys>
                        <VersionInfoKeys Name="InternalName"/>
                        <VersionInfoKeys Name="LegalCopyright"/>
                        <VersionInfoKeys Name="LegalTrademarks"/>
                        <VersionInfoKeys Name="OriginalFilename"/>
                        <VersionInfoKeys Name="ProductName"/>
                        <VersionInfoKeys Name="ProductVersion">1.0.0.0</VersionInfoKeys>
                        <VersionInfoKeys Name="Comments"/>
                    </VersionInfoKeys>
                    <Source>
                        <Source Name="MainSource">OverbyteIcsD2009Run.dpk</Source>
                    </Source>
                </Delphi.Personality>
            </BorlandProject>
            <ProjectFileVersion>12</ProjectFileVersion>
        </ProjectExtensions>
    </Project>
