<?xml version="1.0"?>
<CONFIG>
  <ProjectOptions>
    <PathDelim Value="\"/>
    <Version Value="5"/>
    <General>
      <MainUnit Value="0"/>
      <ActiveEditorIndexAtStart Value="0"/>
      <IconPath Value="./"/>
      <TargetFileExt Value=".exe"/>
      <Title Value="Employee"/>
    </General>
    <JumpHistory Count="11" HistoryIndex="10">
      <Position1>
        <Filename Value="MainUnit.pas"/>
        <Caret Line="87" Column="88" TopLine="70"/>
      </Position1>
      <Position2>
        <Filename Value="MainUnit.pas"/>
        <Caret Line="48" Column="49" TopLine="47"/>
      </Position2>
      <Position3>
        <Filename Value="MainUnit.pas"/>
        <Caret Line="103" Column="24" TopLine="85"/>
      </Position3>
      <Position4>
        <Filename Value="MainUnit.pas"/>
        <Caret Line="103" Column="22" TopLine="85"/>
      </Position4>
      <Position5>
        <Filename Value="MainUnit.pas"/>
        <Caret Line="103" Column="22" TopLine="85"/>
      </Position5>
      <Position6>
        <Filename Value="MainUnit.pas"/>
        <Caret Line="108" Column="35" TopLine="87"/>
      </Position6>
      <Position7>
        <Filename Value="MainUnit.pas"/>
        <Caret Line="59" Column="53" TopLine="58"/>
      </Position7>
      <Position8>
        <Filename Value="MainUnit.pas"/>
        <Caret Line="128" Column="24" TopLine="100"/>
      </Position8>
      <Position9>
        <Filename Value="C:\lazarus\components\UIB\Alexs\FBCustomDataSet.pas"/>
        <Caret Line="224" Column="51" TopLine="206"/>
      </Position9>
      <Position10>
        <Filename Value="MainUnit.pas"/>
        <Caret Line="56" Column="5" TopLine="55"/>
      </Position10>
      <Position11>
        <Filename Value="MainUnit.pas"/>
        <Caret Line="202" Column="42" TopLine="178"/>
      </Position11>
    </JumpHistory>
    <Units Count="20">
      <Unit0>
        <CursorPos X="25" Y="1"/>
        <Filename Value="Employee.lpr"/>
        <IsPartOfProject Value="True"/>
        <TopLine Value="1"/>
        <UnitName Value="Employee"/>
        <UsageCount Value="25"/>
      </Unit0>
      <Unit1>
        <CursorPos X="40" Y="145"/>
        <EditorIndex Value="0"/>
        <Filename Value="MainUnit.pas"/>
        <ComponentName Value="MainForm"/>
        <IsPartOfProject Value="True"/>
        <Loaded Value="True"/>
        <ResourceFilename Value="MainUnit.lrs"/>
        <TopLine Value="127"/>
        <UnitName Value="MainUnit"/>
        <UsageCount Value="25"/>
      </Unit1>
      <Unit2>
        <CursorPos X="37" Y="45"/>
        <Filename Value="sprCustomerEditUnit.pas"/>
        <ComponentName Value="sprCustomerEditForm"/>
        <IsPartOfProject Value="True"/>
        <ResourceFilename Value="sprCustomerEditUnit.lrs"/>
        <TopLine Value="41"/>
        <UnitName Value="sprCustomerEditUnit"/>
        <UsageCount Value="25"/>
      </Unit2>
      <Unit3>
        <CursorPos X="43" Y="949"/>
        <Filename Value="C:\lazarus\components\UIB\source\jvuiblib.pas"/>
        <TopLine Value="947"/>
        <UnitName Value="jvuiblib"/>
        <UsageCount Value="10"/>
      </Unit3>
      <Unit4>
        <CursorPos X="40" Y="86"/>
        <Filename Value="C:\lazarus\components\UIB\Alexs\FBMisc.pas"/>
        <TopLine Value="85"/>
        <UnitName Value="FBMisc"/>
        <UsageCount Value="10"/>
      </Unit4>
      <Unit5>
        <CursorPos X="51" Y="224"/>
        <EditorIndex Value="1"/>
        <Filename Value="C:\lazarus\components\UIB\Alexs\FBCustomDataSet.pas"/>
        <Loaded Value="True"/>
        <TopLine Value="206"/>
        <UnitName Value="FBCustomDataSet"/>
        <UsageCount Value="11"/>
      </Unit5>
      <Unit6>
        <CursorPos X="34" Y="128"/>
        <Filename Value="C:\lazarus\lcl\include\dbmemo.inc"/>
        <TopLine Value="127"/>
        <UsageCount Value="10"/>
      </Unit6>
      <Unit7>
        <CursorPos X="88" Y="264"/>
        <Filename Value="C:\lazarus\fpcsrc\fcl\db\db.pp"/>
        <TopLine Value="262"/>
        <UnitName Value="db"/>
        <UsageCount Value="10"/>
      </Unit7>
      <Unit8>
        <CursorPos X="90" Y="536"/>
        <Filename Value="C:\lazarus\fpcsrc\fcl\db\fields.inc"/>
        <TopLine Value="535"/>
        <UsageCount Value="10"/>
      </Unit8>
      <Unit9>
        <CursorPos X="30" Y="438"/>
        <Filename Value="C:\lazarus\lcl\DBCtrls.pp"/>
        <TopLine Value="438"/>
        <UnitName Value="DbCtrls"/>
        <UsageCount Value="10"/>
      </Unit9>
      <Unit10>
        <CursorPos X="50" Y="61"/>
        <Filename Value="C:\lazarus\lcl\include\dbcheckbox.inc"/>
        <TopLine Value="56"/>
        <UsageCount Value="10"/>
      </Unit10>
      <Unit11>
        <CursorPos X="60" Y="244"/>
        <Filename Value="C:\lazarus\lcl\StdCtrls.pp"/>
        <TopLine Value="241"/>
        <UnitName Value="StdCtrls"/>
        <UsageCount Value="10"/>
      </Unit11>
      <Unit12>
        <CursorPos X="59" Y="176"/>
        <Filename Value="C:\lazarus\lcl\include\customcombobox.inc"/>
        <TopLine Value="174"/>
        <UsageCount Value="10"/>
      </Unit12>
      <Unit13>
        <CursorPos X="26" Y="43"/>
        <Filename Value="C:\lazarus\lcl\Forms.pp"/>
        <TopLine Value="37"/>
        <UnitName Value="Forms"/>
        <UsageCount Value="10"/>
      </Unit13>
      <Unit14>
        <CursorPos X="43" Y="154"/>
        <Filename Value="C:\lazarus\lcl\include\application.inc"/>
        <TopLine Value="153"/>
        <UsageCount Value="10"/>
      </Unit14>
      <Unit15>
        <CursorPos X="38" Y="27"/>
        <Filename Value="C:\lazarus\lcl\LMessages.pp"/>
        <TopLine Value="19"/>
        <UnitName Value="LMessages"/>
        <UsageCount Value="10"/>
      </Unit15>
      <Unit16>
        <CursorPos X="15" Y="7"/>
        <Filename Value="C:\lazarus\lcl\LCLIntf.pas"/>
        <TopLine Value="1"/>
        <UnitName Value="LCLIntf"/>
        <UsageCount Value="10"/>
      </Unit16>
      <Unit17>
        <CursorPos X="6" Y="37"/>
        <Filename Value="C:\lazarus\lcl\LCLType.pp"/>
        <TopLine Value="1"/>
        <UnitName Value="LCLType"/>
        <UsageCount Value="10"/>
      </Unit17>
      <Unit18>
        <CursorPos X="25" Y="3"/>
        <Filename Value="sprcustomerfilterunit.pas"/>
        <ComponentName Value="sprCustomerFilterForm"/>
        <IsPartOfProject Value="True"/>
        <ResourceFilename Value="sprcustomerfilterunit.lrs"/>
        <TopLine Value="1"/>
        <UnitName Value="sprCustomerFilterUnit"/>
        <UsageCount Value="21"/>
      </Unit18>
      <Unit19>
        <CursorPos X="40" Y="3"/>
        <Filename Value="C:\lazarus\components\UIB\Alexs\FBParams.pas"/>
        <TopLine Value="1"/>
        <UnitName Value="FBParams"/>
        <UsageCount Value="10"/>
      </Unit19>
    </Units>
    <PublishOptions>
      <Version Value="2"/>
      <IgnoreBinaries Value="False"/>
      <IncludeFileFilter Value="*.(pas|pp|inc|lfm|lpr|lrs|lpi|lpk|sh|xml)"/>
      <ExcludeFileFilter Value="*.(bak|ppu|ppw|o|so);*~;backup"/>
    </PublishOptions>
    <RunParams>
      <local>
        <FormatVersion Value="1"/>
        <LaunchingApplication PathPlusParams="/usr/X11R6/bin/xterm -T 'Lazarus Run Output' -e $(LazarusDir)/tools/runwait.sh $(TargetCmdLine)"/>
      </local>
    </RunParams>
    <RequiredPackages Count="4">
      <Item1>
        <PackageName Value="UIBLaz"/>
        <MinVersion Major="1" Valid="True"/>
      </Item1>
      <Item2>
        <PackageName Value="LCL"/>
      </Item2>
      <Item3>
        <PackageName Value="FCL"/>
        <MinVersion Major="1" Valid="True"/>
      </Item3>
      <Item4>
        <PackageName Value="FBDemoFPC"/>
        <MinVersion Major="1" Release="5" Build="1" Valid="True"/>
      </Item4>
    </RequiredPackages>
  </ProjectOptions>
  <CompilerOptions>
    <Version Value="4"/>
    <PathDelim Value="\"/>
    <SearchPaths>
      <SrcPath Value="$(LazarusDir)\lcl\;$(LazarusDir)\lcl\interfaces\$(LCLWidgetType)\"/>
    </SearchPaths>
    <CodeGeneration>
      <Generate Value="Faster"/>
    </CodeGeneration>
    <Linking>
      <Options>
        <Win32>
          <GraphicApplication Value="True"/>
        </Win32>
      </Options>
    </Linking>
    <Other>
      <CompilerPath Value="$(CompPath)"/>
    </Other>
  </CompilerOptions>
  <Debugging>
    <Exceptions Count="2">
      <Item1>
        <Name Value="ECodetoolError"/>
      </Item1>
      <Item2>
        <Name Value="EFOpenError"/>
      </Item2>
    </Exceptions>
  </Debugging>
</CONFIG>
