<?xml version="1.0"?>
<CONFIG>
  <ProjectOptions>
    <PathDelim Value="\"/>
    <Version Value="7"/>
    <General>
      <MainUnit Value="0"/>
      <TargetFileExt Value=".exe"/>
      <UseXPManifest Value="True"/>
      <ActiveEditorIndexAtStart Value="5"/>
    </General>
    <VersionInfo>
      <ProjectVersion Value=""/>
      <Language Value=""/>
      <CharSet Value=""/>
    </VersionInfo>
    <PublishOptions>
      <Version Value="2"/>
      <IgnoreBinaries Value="False"/>
      <IncludeFileFilter Value="*.(pas|pp|inc|lfm|lpr|lrs|lpi|lpk|sh|xml)"/>
      <ExcludeFileFilter Value="*.(bak|ppu|ppw|o|so);*~;backup"/>
    </PublishOptions>
    <RunParams>
      <local>
        <FormatVersion Value="1"/>
        <LaunchingApplication PathPlusParams="\usr\X11R6\bin\xterm -T 'Lazarus Run Output' -e $(LazarusDir)\tools\runwait.sh $(TargetCmdLine)"/>
      </local>
    </RunParams>
    <RequiredPackages Count="2">
      <Item1>
        <PackageName Value="Printer4Lazarus"/>
      </Item1>
      <Item2>
        <PackageName Value="LCL"/>
      </Item2>
    </RequiredPackages>
    <Units Count="40">
      <Unit0>
        <Filename Value="hexeditorlaz.lpr"/>
        <IsPartOfProject Value="True"/>
        <CursorPos X="13" Y="6"/>
        <TopLine Value="1"/>
        <EditorIndex Value="0"/>
        <UsageCount Value="53"/>
        <Loaded Value="True"/>
      </Unit0>
      <Unit1>
        <Filename Value="about.pas"/>
        <IsPartOfProject Value="True"/>
        <ComponentName Value="AboutForm"/>
        <HasResources Value="True"/>
        <ResourceBaseClass Value="Form"/>
        <UnitName Value="About"/>
        <CursorPos X="12" Y="38"/>
        <TopLine Value="1"/>
        <EditorIndex Value="10"/>
        <UsageCount Value="53"/>
        <Loaded Value="True"/>
      </Unit1>
      <Unit2>
        <Filename Value="main.pas"/>
        <IsPartOfProject Value="True"/>
        <ComponentName Value="MainForm"/>
        <HasResources Value="True"/>
        <ResourceBaseClass Value="Form"/>
        <UnitName Value="Main"/>
        <CursorPos X="21" Y="905"/>
        <TopLine Value="862"/>
        <EditorIndex Value="19"/>
        <UsageCount Value="53"/>
        <Loaded Value="True"/>
      </Unit2>
      <Unit3>
        <Filename Value="options.pas"/>
        <IsPartOfProject Value="True"/>
        <ComponentName Value="OptionsForm"/>
        <HasResources Value="True"/>
        <ResourceBaseClass Value="Form"/>
        <UnitName Value="Options"/>
        <CursorPos X="7" Y="229"/>
        <TopLine Value="208"/>
        <EditorIndex Value="11"/>
        <UsageCount Value="53"/>
        <Loaded Value="True"/>
      </Unit3>
      <Unit4>
        <Filename Value="printstatus.pas"/>
        <IsPartOfProject Value="True"/>
        <ComponentName Value="PrintStatusForm"/>
        <HasResources Value="True"/>
        <ResourceBaseClass Value="Form"/>
        <UnitName Value="PrintStatus"/>
        <CursorPos X="22" Y="15"/>
        <TopLine Value="1"/>
        <EditorIndex Value="22"/>
        <UsageCount Value="53"/>
        <Loaded Value="True"/>
      </Unit4>
      <Unit5>
        <Filename Value="replace.pas"/>
        <IsPartOfProject Value="True"/>
        <ComponentName Value="ReplaceForm"/>
        <HasResources Value="True"/>
        <ResourceBaseClass Value="Form"/>
        <UnitName Value="Replace"/>
        <CursorPos X="11" Y="3"/>
        <TopLine Value="1"/>
        <EditorIndex Value="14"/>
        <UsageCount Value="53"/>
        <Loaded Value="True"/>
      </Unit5>
      <Unit6>
        <Filename Value="replaceprompt.pas"/>
        <IsPartOfProject Value="True"/>
        <ComponentName Value="ReplacePromptForm"/>
        <HasResources Value="True"/>
        <ResourceBaseClass Value="Form"/>
        <UnitName Value="ReplacePrompt"/>
        <CursorPos X="45" Y="2"/>
        <TopLine Value="1"/>
        <EditorIndex Value="18"/>
        <UsageCount Value="53"/>
        <Loaded Value="True"/>
      </Unit6>
      <Unit7>
        <Filename Value="res.pas"/>
        <IsPartOfProject Value="True"/>
        <UnitName Value="Res"/>
        <CursorPos X="32" Y="17"/>
        <TopLine Value="1"/>
        <EditorIndex Value="2"/>
        <UsageCount Value="53"/>
        <Loaded Value="True"/>
      </Unit7>
      <Unit8>
        <Filename Value="search.pas"/>
        <IsPartOfProject Value="True"/>
        <ComponentName Value="SearchForm"/>
        <HasResources Value="True"/>
        <ResourceBaseClass Value="Form"/>
        <UnitName Value="Search"/>
        <CursorPos X="87" Y="1"/>
        <TopLine Value="1"/>
        <EditorIndex Value="12"/>
        <UsageCount Value="53"/>
        <Loaded Value="True"/>
      </Unit8>
      <Unit9>
        <Filename Value="basic.pas"/>
        <UnitName Value="Basic"/>
        <CursorPos X="37" Y="72"/>
        <TopLine Value="52"/>
        <EditorIndex Value="1"/>
        <UsageCount Value="26"/>
        <Loaded Value="True"/>
      </Unit9>
      <Unit10>
        <Filename Value="..\..\source\kprintpreview.pas"/>
        <ComponentName Value="KPrintPreviewForm"/>
        <HasResources Value="True"/>
        <ResourceBaseClass Value="Form"/>
        <UnitName Value="KPrintPreview"/>
        <CursorPos X="1" Y="1"/>
        <TopLine Value="1"/>
        <EditorIndex Value="15"/>
        <UsageCount Value="26"/>
        <Loaded Value="True"/>
      </Unit10>
      <Unit11>
        <Filename Value="..\..\source\khexeditor.pas"/>
        <UnitName Value="KHexEditor"/>
        <CursorPos X="27" Y="4869"/>
        <TopLine Value="4841"/>
        <EditorIndex Value="5"/>
        <UsageCount Value="26"/>
        <Loaded Value="True"/>
      </Unit11>
      <Unit12>
        <Filename Value="..\..\source\KGrids.pas"/>
        <UnitName Value="KGrids"/>
        <CursorPos X="19" Y="9092"/>
        <TopLine Value="9081"/>
        <EditorIndex Value="17"/>
        <UsageCount Value="24"/>
        <Loaded Value="True"/>
      </Unit12>
      <Unit13>
        <Filename Value="..\..\source\kdbgrids.pas"/>
        <UnitName Value="KDBGrids"/>
        <CursorPos X="26" Y="470"/>
        <TopLine Value="442"/>
        <UsageCount Value="7"/>
      </Unit13>
      <Unit14>
        <Filename Value="..\..\source\kcontrols.pas"/>
        <UnitName Value="KControls"/>
        <CursorPos X="29" Y="1596"/>
        <TopLine Value="1555"/>
        <EditorIndex Value="16"/>
        <UsageCount Value="26"/>
        <Loaded Value="True"/>
      </Unit14>
      <Unit15>
        <Filename Value="..\..\source\kdialogs.pas"/>
        <UnitName Value="KDialogs"/>
        <CursorPos X="59" Y="28"/>
        <TopLine Value="1"/>
        <UsageCount Value="7"/>
      </Unit15>
      <Unit16>
        <Filename Value="..\..\source\kprintsetup.pas"/>
        <ComponentName Value="KPrintSetupForm"/>
        <HasResources Value="True"/>
        <ResourceBaseClass Value="Form"/>
        <UnitName Value="KPrintSetup"/>
        <CursorPos X="76" Y="13"/>
        <TopLine Value="1"/>
        <EditorIndex Value="21"/>
        <UsageCount Value="26"/>
        <Loaded Value="True"/>
      </Unit16>
      <Unit17>
        <Filename Value="..\kdbgrid\kdbgriddemolaz.lpr"/>
        <UnitName Value="kdbgriddemolaz"/>
        <CursorPos X="27" Y="4"/>
        <TopLine Value="1"/>
        <UsageCount Value="7"/>
      </Unit17>
      <Unit18>
        <Filename Value="..\..\source\kcontrols.inc"/>
        <CursorPos X="39" Y="35"/>
        <TopLine Value="1"/>
        <EditorIndex Value="13"/>
        <UsageCount Value="24"/>
        <Loaded Value="True"/>
      </Unit18>
      <Unit19>
        <Filename Value="..\..\..\..\..\usr\lib\lazarus\0.9.29\lcl\printers.pas"/>
        <UnitName Value="Printers"/>
        <CursorPos X="1" Y="583"/>
        <TopLine Value="561"/>
        <UsageCount Value="10"/>
      </Unit19>
      <Unit20>
        <Filename Value="..\..\..\..\..\usr\lib\lazarus\0.9.29\lcl\include\customaction.inc"/>
        <CursorPos X="1" Y="137"/>
        <TopLine Value="115"/>
        <UsageCount Value="10"/>
      </Unit20>
      <Unit21>
        <Filename Value="..\..\..\..\..\usr\lib\lazarus\0.9.29\lcl\include\control.inc"/>
        <CursorPos X="1" Y="1253"/>
        <TopLine Value="1231"/>
        <UsageCount Value="9"/>
      </Unit21>
      <Unit22>
        <Filename Value="..\..\..\..\..\usr\lib\lazarus\0.9.29\lcl\clipbrd.pp"/>
        <UnitName Value="Clipbrd"/>
        <CursorPos X="16" Y="254"/>
        <TopLine Value="242"/>
        <UsageCount Value="9"/>
      </Unit22>
      <Unit23>
        <Filename Value="..\..\..\..\..\usr\lib\lazarus\0.9.29\lcl\include\clipbrd.inc"/>
        <CursorPos X="1" Y="746"/>
        <TopLine Value="724"/>
        <UsageCount Value="9"/>
      </Unit23>
      <Unit24>
        <Filename Value="..\..\..\..\..\usr\lib\lazarus\0.9.29\lcl\include\lclintf.inc"/>
        <CursorPos X="1" Y="86"/>
        <TopLine Value="64"/>
        <UsageCount Value="9"/>
      </Unit24>
      <Unit25>
        <Filename Value="..\..\..\..\..\usr\lib\lazarus\0.9.29\lcl\interfaces\gtk\gtkwinapi.inc"/>
        <CursorPos X="1" Y="568"/>
        <TopLine Value="546"/>
        <UsageCount Value="9"/>
      </Unit25>
      <Unit26>
        <Filename Value="..\..\..\..\..\usr\lib\lazarus\0.9.29\components\printers\unix\cupsdyn.pp"/>
        <UnitName Value="cupsdyn"/>
        <CursorPos X="14" Y="1389"/>
        <TopLine Value="1358"/>
        <UsageCount Value="8"/>
      </Unit26>
      <Unit27>
        <Filename Value="..\..\..\..\..\usr\lib\lazarus\0.9.29\lcl\include\statuspanels.inc"/>
        <CursorPos X="1" Y="35"/>
        <TopLine Value="10"/>
        <UsageCount Value="8"/>
      </Unit27>
      <Unit28>
        <Filename Value="C:\lazarusSVN\lcl\lmessages.pp"/>
        <UnitName Value="LMessages"/>
        <CursorPos X="113" Y="22"/>
        <TopLine Value="1"/>
        <UsageCount Value="9"/>
      </Unit28>
      <Unit29>
        <Filename Value="C:\lazarusSVN\lcl\include\control.inc"/>
        <CursorPos X="1" Y="1637"/>
        <TopLine Value="1609"/>
        <EditorIndex Value="9"/>
        <UsageCount Value="22"/>
        <Loaded Value="True"/>
      </Unit29>
      <Unit30>
        <Filename Value="C:\lazarusSVN\lcl\include\wincontrol.inc"/>
        <CursorPos X="1" Y="5036"/>
        <TopLine Value="5008"/>
        <UsageCount Value="8"/>
      </Unit30>
      <Unit31>
        <Filename Value="C:\lazarusSVN\lcl\lclmessageglue.pas"/>
        <UnitName Value="LCLMessageGlue"/>
        <CursorPos X="1" Y="121"/>
        <TopLine Value="93"/>
        <UsageCount Value="8"/>
      </Unit31>
      <Unit32>
        <Filename Value="C:\lazarusSVN\lcl\interfaces\win32\win32callback.inc"/>
        <CursorPos X="25" Y="1141"/>
        <TopLine Value="1115"/>
        <UsageCount Value="8"/>
      </Unit32>
      <Unit33>
        <Filename Value="C:\lazarusSVN\lcl\include\application.inc"/>
        <CursorPos X="1" Y="1801"/>
        <TopLine Value="1773"/>
        <UsageCount Value="8"/>
      </Unit33>
      <Unit34>
        <Filename Value="C:\lazarusSVN\lcl\forms.pp"/>
        <UnitName Value="Forms"/>
        <CursorPos X="82" Y="383"/>
        <TopLine Value="355"/>
        <EditorIndex Value="20"/>
        <UsageCount Value="22"/>
        <Loaded Value="True"/>
      </Unit34>
      <Unit35>
        <Filename Value="C:\lazarusSVN\lcl\include\canvas.inc"/>
        <CursorPos X="1" Y="1460"/>
        <TopLine Value="1432"/>
        <EditorIndex Value="6"/>
        <UsageCount Value="22"/>
        <Loaded Value="True"/>
      </Unit35>
      <Unit36>
        <Filename Value="C:\lazarusSVN\lcl\include\winapi.inc"/>
        <CursorPos X="1" Y="865"/>
        <TopLine Value="837"/>
        <EditorIndex Value="7"/>
        <UsageCount Value="22"/>
        <Loaded Value="True"/>
      </Unit36>
      <Unit37>
        <Filename Value="C:\lazarusSVN\lcl\interfaces\gtk\gtkwinapi.inc"/>
        <CursorPos X="1" Y="9267"/>
        <TopLine Value="9239"/>
        <EditorIndex Value="8"/>
        <UsageCount Value="22"/>
        <Loaded Value="True"/>
      </Unit37>
      <Unit38>
        <Filename Value="..\..\source\kfunctions.pas"/>
        <UnitName Value="KFunctions"/>
        <CursorPos X="47" Y="88"/>
        <TopLine Value="59"/>
        <EditorIndex Value="3"/>
        <UsageCount Value="10"/>
        <Loaded Value="True"/>
      </Unit38>
      <Unit39>
        <Filename Value="..\..\source\kgraphics.pas"/>
        <UnitName Value="KGraphics"/>
        <CursorPos X="20" Y="970"/>
        <TopLine Value="940"/>
        <EditorIndex Value="4"/>
        <UsageCount Value="10"/>
        <Loaded Value="True"/>
      </Unit39>
    </Units>
    <JumpHistory Count="30" HistoryIndex="29">
      <Position1>
        <Filename Value="..\..\source\khexeditor.pas"/>
        <Caret Line="3690" Column="1" TopLine="3662"/>
      </Position1>
      <Position2>
        <Filename Value="..\..\source\khexeditor.pas"/>
        <Caret Line="3691" Column="1" TopLine="3663"/>
      </Position2>
      <Position3>
        <Filename Value="..\..\source\khexeditor.pas"/>
        <Caret Line="4015" Column="1" TopLine="3987"/>
      </Position3>
      <Position4>
        <Filename Value="..\..\source\khexeditor.pas"/>
        <Caret Line="3689" Column="1" TopLine="3661"/>
      </Position4>
      <Position5>
        <Filename Value="..\..\source\khexeditor.pas"/>
        <Caret Line="3690" Column="1" TopLine="3662"/>
      </Position5>
      <Position6>
        <Filename Value="..\..\source\khexeditor.pas"/>
        <Caret Line="3691" Column="1" TopLine="3663"/>
      </Position6>
      <Position7>
        <Filename Value="..\..\source\khexeditor.pas"/>
        <Caret Line="4015" Column="1" TopLine="3987"/>
      </Position7>
      <Position8>
        <Filename Value="..\..\source\khexeditor.pas"/>
        <Caret Line="3689" Column="1" TopLine="3661"/>
      </Position8>
      <Position9>
        <Filename Value="..\..\source\khexeditor.pas"/>
        <Caret Line="3690" Column="1" TopLine="3662"/>
      </Position9>
      <Position10>
        <Filename Value="..\..\source\khexeditor.pas"/>
        <Caret Line="3691" Column="1" TopLine="3663"/>
      </Position10>
      <Position11>
        <Filename Value="..\..\source\khexeditor.pas"/>
        <Caret Line="4015" Column="1" TopLine="3987"/>
      </Position11>
      <Position12>
        <Filename Value="..\..\source\khexeditor.pas"/>
        <Caret Line="3689" Column="1" TopLine="3661"/>
      </Position12>
      <Position13>
        <Filename Value="..\..\source\khexeditor.pas"/>
        <Caret Line="3690" Column="1" TopLine="3662"/>
      </Position13>
      <Position14>
        <Filename Value="..\..\source\khexeditor.pas"/>
        <Caret Line="3691" Column="1" TopLine="3663"/>
      </Position14>
      <Position15>
        <Filename Value="..\..\source\khexeditor.pas"/>
        <Caret Line="4015" Column="1" TopLine="3987"/>
      </Position15>
      <Position16>
        <Filename Value="..\..\source\khexeditor.pas"/>
        <Caret Line="3689" Column="1" TopLine="3661"/>
      </Position16>
      <Position17>
        <Filename Value="..\..\source\khexeditor.pas"/>
        <Caret Line="3690" Column="1" TopLine="3662"/>
      </Position17>
      <Position18>
        <Filename Value="..\..\source\khexeditor.pas"/>
        <Caret Line="3691" Column="1" TopLine="3663"/>
      </Position18>
      <Position19>
        <Filename Value="..\..\source\khexeditor.pas"/>
        <Caret Line="4015" Column="1" TopLine="3987"/>
      </Position19>
      <Position20>
        <Filename Value="..\..\source\khexeditor.pas"/>
        <Caret Line="3686" Column="29" TopLine="3648"/>
      </Position20>
      <Position21>
        <Filename Value="..\..\source\KGrids.pas"/>
        <Caret Line="8949" Column="72" TopLine="8927"/>
      </Position21>
      <Position22>
        <Filename Value="..\..\source\KGrids.pas"/>
        <Caret Line="1" Column="1" TopLine="1"/>
      </Position22>
      <Position23>
        <Filename Value="..\..\source\KGrids.pas"/>
        <Caret Line="4758" Column="40" TopLine="4730"/>
      </Position23>
      <Position24>
        <Filename Value="hexeditorlaz.lpr"/>
        <Caret Line="5" Column="20" TopLine="1"/>
      </Position24>
      <Position25>
        <Filename Value="..\..\source\kcontrols.pas"/>
        <Caret Line="23" Column="14" TopLine="1"/>
      </Position25>
      <Position26>
        <Filename Value="hexeditorlaz.lpr"/>
        <Caret Line="29" Column="37" TopLine="1"/>
      </Position26>
      <Position27>
        <Filename Value="..\..\source\kfunctions.pas"/>
        <Caret Line="1" Column="1" TopLine="1"/>
      </Position27>
      <Position28>
        <Filename Value="..\..\source\kfunctions.pas"/>
        <Caret Line="1207" Column="1" TopLine="1181"/>
      </Position28>
      <Position29>
        <Filename Value="..\..\source\kgraphics.pas"/>
        <Caret Line="1" Column="1" TopLine="1"/>
      </Position29>
      <Position30>
        <Filename Value="..\..\source\khexeditor.pas"/>
        <Caret Line="1" Column="1" TopLine="1"/>
      </Position30>
    </JumpHistory>
  </ProjectOptions>
  <CompilerOptions>
    <Version Value="8"/>
    <PathDelim Value="\"/>
    <SearchPaths>
      <IncludeFiles Value="..\..\source\;$(ProjOutDir)\"/>
      <OtherUnitFiles Value="..\..\source\"/>
      <LCLWidgetType Value="win32"/>
    </SearchPaths>
    <Linking>
      <Options>
        <Win32>
          <GraphicApplication Value="True"/>
        </Win32>
      </Options>
    </Linking>
    <Other>
      <Verbosity>
        <ShowHints Value="False"/>
      </Verbosity>
      <CompilerPath Value="$(CompPath)"/>
    </Other>
  </CompilerOptions>
  <Debugging>
    <Exceptions Count="3">
      <Item1>
        <Name Value="EAbort"/>
      </Item1>
      <Item2>
        <Name Value="ECodetoolError"/>
      </Item2>
      <Item3>
        <Name Value="EFOpenError"/>
      </Item3>
    </Exceptions>
  </Debugging>
</CONFIG>
